// !$*UTF8*$!
{
	archiveVersion = 1;
	classes = {
	};
	objectVersion = 52;
	objects = {

/* Begin PBXBuildFile section */
		66180B59271E73580019207F /* CoreDataSoundPlayerView.swift in Sources */ = {isa = PBXBuildFile; fileRef = 66180B58271E73580019207F /* CoreDataSoundPlayerView.swift */; };
		662BDF26271E2E3200D41BD7 /* SoundsAPIView.swift in Sources */ = {isa = PBXBuildFile; fileRef = 662BDF25271E2E3200D41BD7 /* SoundsAPIView.swift */; };
		663E05B727137213006E0259 /* FilteredSoundsListView.swift in Sources */ = {isa = PBXBuildFile; fileRef = 663E05B627137213006E0259 /* FilteredSoundsListView.swift */; };
		667F6E132718E810007726D1 /* Launch Screen.storyboard in Resources */ = {isa = PBXBuildFile; fileRef = 667F6E122718E810007726D1 /* Launch Screen.storyboard */; };
		667F6E17271A2116007726D1 /* ImageWithURLView.swift in Sources */ = {isa = PBXBuildFile; fileRef = 667F6E16271A2116007726D1 /* ImageWithURLView.swift */; };
		6681E29026FCC60900AC3161 /* SingleSoundPlayerView.swift in Sources */ = {isa = PBXBuildFile; fileRef = 6681E28F26FCC60900AC3161 /* SingleSoundPlayerView.swift */; };
		66C3CC0A26FCD7FE00438A55 /* URLImageStore in Frameworks */ = {isa = PBXBuildFile; productRef = 66C3CC0926FCD7FE00438A55 /* URLImageStore */; };
		66C3CC0C26FCD7FE00438A55 /* URLImage in Frameworks */ = {isa = PBXBuildFile; productRef = 66C3CC0B26FCD7FE00438A55 /* URLImage */; };
		66C3CC0E27022CA100438A55 /* SongPlayerView.swift in Sources */ = {isa = PBXBuildFile; fileRef = 66C3CC0D27022CA100438A55 /* SongPlayerView.swift */; };
		66C3CC1027024CD200438A55 /* OptionsView.swift in Sources */ = {isa = PBXBuildFile; fileRef = 66C3CC0F27024CD200438A55 /* OptionsView.swift */; };
		66C3CC162703C3DF00438A55 /* CategoryModel.swift in Sources */ = {isa = PBXBuildFile; fileRef = 66C3CC152703C3DF00438A55 /* CategoryModel.swift */; };
		66C3CC182703CB2500438A55 /* InAppStorePurchasesView.swift in Sources */ = {isa = PBXBuildFile; fileRef = 66C3CC172703CB2500438A55 /* InAppStorePurchasesView.swift */; };
		66C3CC1A2703EE8600438A55 /* StoreManager.swift in Sources */ = {isa = PBXBuildFile; fileRef = 66C3CC192703EE8600438A55 /* StoreManager.swift */; };
		66E43FAC26C6120000AE012E /* natureFMApp.swift in Sources */ = {isa = PBXBuildFile; fileRef = 66E43FAB26C6120000AE012E /* natureFMApp.swift */; };
		66E43FB026C6120100AE012E /* Assets.xcassets in Resources */ = {isa = PBXBuildFile; fileRef = 66E43FAF26C6120100AE012E /* Assets.xcassets */; };
		66E43FB326C6120100AE012E /* Preview Assets.xcassets in Resources */ = {isa = PBXBuildFile; fileRef = 66E43FB226C6120100AE012E /* Preview Assets.xcassets */; };
		66E43FBC26C6125A00AE012E /* SoundsTableView.swift in Sources */ = {isa = PBXBuildFile; fileRef = 66E43FBB26C6125A00AE012E /* SoundsTableView.swift */; };
		66E43FBF26C6146000AE012E /* SoundsModel.swift in Sources */ = {isa = PBXBuildFile; fileRef = 66E43FBE26C6146000AE012E /* SoundsModel.swift */; };
		66E85FEC270A8924009F1AEF /* GoogleBannerAd.swift in Sources */ = {isa = PBXBuildFile; fileRef = 66E85FEB270A8924009F1AEF /* GoogleBannerAd.swift */; };
		66E85FEE270E0398009F1AEF /* SleepTimerModel.swift in Sources */ = {isa = PBXBuildFile; fileRef = 66E85FED270E0398009F1AEF /* SleepTimerModel.swift */; };
		66E85FF0270E2AFD009F1AEF /* StoreKit.framework in Frameworks */ = {isa = PBXBuildFile; fileRef = 66E85FEF270E2AFD009F1AEF /* StoreKit.framework */; };
		66E8600E270E60E6009F1AEF /* Stash.xcdatamodeld in Sources */ = {isa = PBXBuildFile; fileRef = 66E8600C270E60E6009F1AEF /* Stash.xcdatamodeld */; };
		66E86010270E615F009F1AEF /* PersistenceController.swift in Sources */ = {isa = PBXBuildFile; fileRef = 66E8600F270E615F009F1AEF /* PersistenceController.swift */; };
		FB482CB34D6A39FBEE55B8B9 /* libPods-natureFM.a in Frameworks */ = {isa = PBXBuildFile; fileRef = B2F0247C837BDF923BD78839 /* libPods-natureFM.a */; };
/* End PBXBuildFile section */

/* Begin PBXFileReference section */
		66180B58271E73580019207F /* CoreDataSoundPlayerView.swift */ = {isa = PBXFileReference; lastKnownFileType = sourcecode.swift; path = CoreDataSoundPlayerView.swift; sourceTree = "<group>"; };
		662BDF25271E2E3200D41BD7 /* SoundsAPIView.swift */ = {isa = PBXFileReference; lastKnownFileType = sourcecode.swift; path = SoundsAPIView.swift; sourceTree = "<group>"; };
		663E05B627137213006E0259 /* FilteredSoundsListView.swift */ = {isa = PBXFileReference; lastKnownFileType = sourcecode.swift; path = FilteredSoundsListView.swift; sourceTree = "<group>"; };
		663E05B827139BB6006E0259 /* Noteworthy.ttc */ = {isa = PBXFileReference; lastKnownFileType = file; path = Noteworthy.ttc; sourceTree = "<group>"; };
		667F6E122718E810007726D1 /* Launch Screen.storyboard */ = {isa = PBXFileReference; lastKnownFileType = file.storyboard; path = "Launch Screen.storyboard"; sourceTree = "<group>"; };
		667F6E16271A2116007726D1 /* ImageWithURLView.swift */ = {isa = PBXFileReference; lastKnownFileType = sourcecode.swift; path = ImageWithURLView.swift; sourceTree = "<group>"; };
		6681E28F26FCC60900AC3161 /* SingleSoundPlayerView.swift */ = {isa = PBXFileReference; lastKnownFileType = sourcecode.swift; path = SingleSoundPlayerView.swift; sourceTree = "<group>"; };
		66C3CC0D27022CA100438A55 /* SongPlayerView.swift */ = {isa = PBXFileReference; lastKnownFileType = sourcecode.swift; path = SongPlayerView.swift; sourceTree = "<group>"; };
		66C3CC0F27024CD200438A55 /* OptionsView.swift */ = {isa = PBXFileReference; lastKnownFileType = sourcecode.swift; path = OptionsView.swift; sourceTree = "<group>"; };
		66C3CC152703C3DF00438A55 /* CategoryModel.swift */ = {isa = PBXFileReference; lastKnownFileType = sourcecode.swift; path = CategoryModel.swift; sourceTree = "<group>"; };
		66C3CC172703CB2500438A55 /* InAppStorePurchasesView.swift */ = {isa = PBXFileReference; lastKnownFileType = sourcecode.swift; path = InAppStorePurchasesView.swift; sourceTree = "<group>"; };
		66C3CC192703EE8600438A55 /* StoreManager.swift */ = {isa = PBXFileReference; lastKnownFileType = sourcecode.swift; path = StoreManager.swift; sourceTree = "<group>"; };
		66E43FA826C6120000AE012E /* natureFM.app */ = {isa = PBXFileReference; explicitFileType = wrapper.application; includeInIndex = 0; path = natureFM.app; sourceTree = BUILT_PRODUCTS_DIR; };
		66E43FAB26C6120000AE012E /* natureFMApp.swift */ = {isa = PBXFileReference; lastKnownFileType = sourcecode.swift; path = natureFMApp.swift; sourceTree = "<group>"; };
		66E43FAF26C6120100AE012E /* Assets.xcassets */ = {isa = PBXFileReference; lastKnownFileType = folder.assetcatalog; path = Assets.xcassets; sourceTree = "<group>"; };
		66E43FB226C6120100AE012E /* Preview Assets.xcassets */ = {isa = PBXFileReference; lastKnownFileType = folder.assetcatalog; path = "Preview Assets.xcassets"; sourceTree = "<group>"; };
		66E43FB426C6120100AE012E /* Info.plist */ = {isa = PBXFileReference; lastKnownFileType = text.plist.xml; path = Info.plist; sourceTree = "<group>"; };
		66E43FBB26C6125A00AE012E /* SoundsTableView.swift */ = {isa = PBXFileReference; lastKnownFileType = sourcecode.swift; path = SoundsTableView.swift; sourceTree = "<group>"; };
		66E43FBE26C6146000AE012E /* SoundsModel.swift */ = {isa = PBXFileReference; lastKnownFileType = sourcecode.swift; path = SoundsModel.swift; sourceTree = "<group>"; };
		66E85FEB270A8924009F1AEF /* GoogleBannerAd.swift */ = {isa = PBXFileReference; lastKnownFileType = sourcecode.swift; path = GoogleBannerAd.swift; sourceTree = "<group>"; };
		66E85FED270E0398009F1AEF /* SleepTimerModel.swift */ = {isa = PBXFileReference; lastKnownFileType = sourcecode.swift; path = SleepTimerModel.swift; sourceTree = "<group>"; };
		66E85FEF270E2AFD009F1AEF /* StoreKit.framework */ = {isa = PBXFileReference; lastKnownFileType = wrapper.framework; name = StoreKit.framework; path = System/Library/Frameworks/StoreKit.framework; sourceTree = SDKROOT; };
		66E8600D270E60E6009F1AEF /* Stash.xcdatamodel */ = {isa = PBXFileReference; lastKnownFileType = wrapper.xcdatamodel; path = Stash.xcdatamodel; sourceTree = "<group>"; };
		66E8600F270E615F009F1AEF /* PersistenceController.swift */ = {isa = PBXFileReference; lastKnownFileType = sourcecode.swift; path = PersistenceController.swift; sourceTree = "<group>"; };
		69100EA3012BDB2D287C73B9 /* Pods-natureFM.release.xcconfig */ = {isa = PBXFileReference; includeInIndex = 1; lastKnownFileType = text.xcconfig; name = "Pods-natureFM.release.xcconfig"; path = "Target Support Files/Pods-natureFM/Pods-natureFM.release.xcconfig"; sourceTree = "<group>"; };
		7866A4F15E09940DE7E1541E /* Pods-natureFM.debug.xcconfig */ = {isa = PBXFileReference; includeInIndex = 1; lastKnownFileType = text.xcconfig; name = "Pods-natureFM.debug.xcconfig"; path = "Target Support Files/Pods-natureFM/Pods-natureFM.debug.xcconfig"; sourceTree = "<group>"; };
		B2F0247C837BDF923BD78839 /* libPods-natureFM.a */ = {isa = PBXFileReference; explicitFileType = archive.ar; includeInIndex = 0; path = "libPods-natureFM.a"; sourceTree = BUILT_PRODUCTS_DIR; };
/* End PBXFileReference section */

/* Begin PBXFrameworksBuildPhase section */
		66E43FA526C6120000AE012E /* Frameworks */ = {
			isa = PBXFrameworksBuildPhase;
			buildActionMask = 2147483647;
			files = (
				66C3CC0C26FCD7FE00438A55 /* URLImage in Frameworks */,
				66C3CC0A26FCD7FE00438A55 /* URLImageStore in Frameworks */,
				FB482CB34D6A39FBEE55B8B9 /* libPods-natureFM.a in Frameworks */,
				66E85FF0270E2AFD009F1AEF /* StoreKit.framework in Frameworks */,
			);
			runOnlyForDeploymentPostprocessing = 0;
		};
/* End PBXFrameworksBuildPhase section */

/* Begin PBXGroup section */
		12150CDF8D1281CB76B7A1AC /* Frameworks */ = {
			isa = PBXGroup;
			children = (
				66E85FEF270E2AFD009F1AEF /* StoreKit.framework */,
				B2F0247C837BDF923BD78839 /* libPods-natureFM.a */,
			);
			name = Frameworks;
			sourceTree = "<group>";
		};
		663E05B927139BFC006E0259 /* projectFonts */ = {
			isa = PBXGroup;
			children = (
				663E05B827139BB6006E0259 /* Noteworthy.ttc */,
			);
			path = projectFonts;
			sourceTree = "<group>";
		};
		667F6E18271B377F007726D1 /* Models */ = {
			isa = PBXGroup;
			children = (
				66E43FBE26C6146000AE012E /* SoundsModel.swift */,
				66C3CC152703C3DF00438A55 /* CategoryModel.swift */,
				66E85FED270E0398009F1AEF /* SleepTimerModel.swift */,
			);
			path = Models;
			sourceTree = "<group>";
		};
		66E43F9F26C6120000AE012E = {
			isa = PBXGroup;
			children = (
				66E43FAA26C6120000AE012E /* natureFM */,
				66E43FA926C6120000AE012E /* Products */,
				FCA19C66ECB9587E4A83521D /* Pods */,
				12150CDF8D1281CB76B7A1AC /* Frameworks */,
			);
			sourceTree = "<group>";
		};
		66E43FA926C6120000AE012E /* Products */ = {
			isa = PBXGroup;
			children = (
				66E43FA826C6120000AE012E /* natureFM.app */,
			);
			name = Products;
			sourceTree = "<group>";
		};
		66E43FAA26C6120000AE012E /* natureFM */ = {
			isa = PBXGroup;
			children = (
				663E05B927139BFC006E0259 /* projectFonts */,
				66E85FE8270A88F8009F1AEF /* Monetizing */,
				667F6E18271B377F007726D1 /* Models */,
				66E43FC126C6177600AE012E /* Views */,
				66E43FAB26C6120000AE012E /* natureFMApp.swift */,
				66E8600F270E615F009F1AEF /* PersistenceController.swift */,
				66E8600C270E60E6009F1AEF /* Stash.xcdatamodeld */,
				66E43FB426C6120100AE012E /* Info.plist */,
				66E43FAF26C6120100AE012E /* Assets.xcassets */,
				66E43FB126C6120100AE012E /* Preview Content */,
				667F6E122718E810007726D1 /* Launch Screen.storyboard */,
				667F6E16271A2116007726D1 /* ImageWithURLView.swift */,
			);
			path = natureFM;
			sourceTree = "<group>";
		};
		66E43FB126C6120100AE012E /* Preview Content */ = {
			isa = PBXGroup;
			children = (
				66E43FB226C6120100AE012E /* Preview Assets.xcassets */,
			);
			path = "Preview Content";
			sourceTree = "<group>";
		};
		66E43FC126C6177600AE012E /* Views */ = {
			isa = PBXGroup;
			children = (
				6681E28F26FCC60900AC3161 /* SingleSoundPlayerView.swift */,
				66180B58271E73580019207F /* CoreDataSoundPlayerView.swift */,
				66C3CC0D27022CA100438A55 /* SongPlayerView.swift */,
				66C3CC0F27024CD200438A55 /* OptionsView.swift */,
				66C3CC172703CB2500438A55 /* InAppStorePurchasesView.swift */,
				663E05B627137213006E0259 /* FilteredSoundsListView.swift */,
				662BDF25271E2E3200D41BD7 /* SoundsAPIView.swift */,
				66E43FBB26C6125A00AE012E /* SoundsTableView.swift */,
			);
			path = Views;
			sourceTree = "<group>";
		};
		66E85FE8270A88F8009F1AEF /* Monetizing */ = {
			isa = PBXGroup;
			children = (
				66C3CC192703EE8600438A55 /* StoreManager.swift */,
				66E85FEB270A8924009F1AEF /* GoogleBannerAd.swift */,
			);
			path = Monetizing;
			sourceTree = "<group>";
		};
		FCA19C66ECB9587E4A83521D /* Pods */ = {
			isa = PBXGroup;
			children = (
				7866A4F15E09940DE7E1541E /* Pods-natureFM.debug.xcconfig */,
				69100EA3012BDB2D287C73B9 /* Pods-natureFM.release.xcconfig */,
			);
			path = Pods;
			sourceTree = "<group>";
		};
/* End PBXGroup section */

/* Begin PBXNativeTarget section */
		66E43FA726C6120000AE012E /* natureFM */ = {
			isa = PBXNativeTarget;
			buildConfigurationList = 66E43FB726C6120100AE012E /* Build configuration list for PBXNativeTarget "natureFM" */;
			buildPhases = (
				9824CF758998010B23FE230C /* [CP] Check Pods Manifest.lock */,
				66E43FA426C6120000AE012E /* Sources */,
				66E43FA526C6120000AE012E /* Frameworks */,
				66E43FA626C6120000AE012E /* Resources */,
			);
			buildRules = (
			);
			dependencies = (
			);
			name = natureFM;
			packageProductDependencies = (
				66C3CC0926FCD7FE00438A55 /* URLImageStore */,
				66C3CC0B26FCD7FE00438A55 /* URLImage */,
			);
			productName = natureFM;
			productReference = 66E43FA826C6120000AE012E /* natureFM.app */;
			productType = "com.apple.product-type.application";
		};
/* End PBXNativeTarget section */

/* Begin PBXProject section */
		66E43FA026C6120000AE012E /* Project object */ = {
			isa = PBXProject;
			attributes = {
				LastSwiftUpdateCheck = 1240;
				LastUpgradeCheck = 1240;
				TargetAttributes = {
					66E43FA726C6120000AE012E = {
						CreatedOnToolsVersion = 12.4;
					};
				};
			};
			buildConfigurationList = 66E43FA326C6120000AE012E /* Build configuration list for PBXProject "natureFM" */;
			compatibilityVersion = "Xcode 9.3";
			developmentRegion = en;
			hasScannedForEncodings = 0;
			knownRegions = (
				en,
				Base,
			);
			mainGroup = 66E43F9F26C6120000AE012E;
			packageReferences = (
				66C3CC0826FCD7FE00438A55 /* XCRemoteSwiftPackageReference "url-image" */,
			);
			productRefGroup = 66E43FA926C6120000AE012E /* Products */;
			projectDirPath = "";
			projectRoot = "";
			targets = (
				66E43FA726C6120000AE012E /* natureFM */,
			);
		};
/* End PBXProject section */

/* Begin PBXResourcesBuildPhase section */
		66E43FA626C6120000AE012E /* Resources */ = {
			isa = PBXResourcesBuildPhase;
			buildActionMask = 2147483647;
			files = (
				667F6E132718E810007726D1 /* Launch Screen.storyboard in Resources */,
				66E43FB326C6120100AE012E /* Preview Assets.xcassets in Resources */,
				66E43FB026C6120100AE012E /* Assets.xcassets in Resources */,
			);
			runOnlyForDeploymentPostprocessing = 0;
		};
/* End PBXResourcesBuildPhase section */

/* Begin PBXShellScriptBuildPhase section */
		9824CF758998010B23FE230C /* [CP] Check Pods Manifest.lock */ = {
			isa = PBXShellScriptBuildPhase;
			buildActionMask = 2147483647;
			files = (
			);
			inputFileListPaths = (
			);
			inputPaths = (
				"${PODS_PODFILE_DIR_PATH}/Podfile.lock",
				"${PODS_ROOT}/Manifest.lock",
			);
			name = "[CP] Check Pods Manifest.lock";
			outputFileListPaths = (
			);
			outputPaths = (
				"$(DERIVED_FILE_DIR)/Pods-natureFM-checkManifestLockResult.txt",
			);
			runOnlyForDeploymentPostprocessing = 0;
			shellPath = /bin/sh;
			shellScript = "diff \"${PODS_PODFILE_DIR_PATH}/Podfile.lock\" \"${PODS_ROOT}/Manifest.lock\" > /dev/null\nif [ $? != 0 ] ; then\n    # print error to STDERR\n    echo \"error: The sandbox is not in sync with the Podfile.lock. Run 'pod install' or update your CocoaPods installation.\" >&2\n    exit 1\nfi\n# This output is used by Xcode 'outputs' to avoid re-running this script phase.\necho \"SUCCESS\" > \"${SCRIPT_OUTPUT_FILE_0}\"\n";
			showEnvVarsInLog = 0;
		};
/* End PBXShellScriptBuildPhase section */

/* Begin PBXSourcesBuildPhase section */
		66E43FA426C6120000AE012E /* Sources */ = {
			isa = PBXSourcesBuildPhase;
			buildActionMask = 2147483647;
			files = (
				6681E29026FCC60900AC3161 /* SingleSoundPlayerView.swift in Sources */,
				66E85FEC270A8924009F1AEF /* GoogleBannerAd.swift in Sources */,
				667F6E17271A2116007726D1 /* ImageWithURLView.swift in Sources */,
				66180B59271E73580019207F /* CoreDataSoundPlayerView.swift in Sources */,
				66E43FBF26C6146000AE012E /* SoundsModel.swift in Sources */,
				66C3CC0E27022CA100438A55 /* SongPlayerView.swift in Sources */,
				66C3CC1027024CD200438A55 /* OptionsView.swift in Sources */,
				66C3CC162703C3DF00438A55 /* CategoryModel.swift in Sources */,
				663E05B727137213006E0259 /* FilteredSoundsListView.swift in Sources */,
				66E43FBC26C6125A00AE012E /* SoundsTableView.swift in Sources */,
				66C3CC1A2703EE8600438A55 /* StoreManager.swift in Sources */,
				66E85FEE270E0398009F1AEF /* SleepTimerModel.swift in Sources */,
				66E8600E270E60E6009F1AEF /* Stash.xcdatamodeld in Sources */,
				66E86010270E615F009F1AEF /* PersistenceController.swift in Sources */,
				66C3CC182703CB2500438A55 /* InAppStorePurchasesView.swift in Sources */,
				66E43FAC26C6120000AE012E /* natureFMApp.swift in Sources */,
				662BDF26271E2E3200D41BD7 /* SoundsAPIView.swift in Sources */,
			);
			runOnlyForDeploymentPostprocessing = 0;
		};
/* End PBXSourcesBuildPhase section */

/* Begin XCBuildConfiguration section */
		66E43FB526C6120100AE012E /* Debug */ = {
			isa = XCBuildConfiguration;
			buildSettings = {
				ALWAYS_SEARCH_USER_PATHS = NO;
				CLANG_ANALYZER_NONNULL = YES;
				CLANG_ANALYZER_NUMBER_OBJECT_CONVERSION = YES_AGGRESSIVE;
				CLANG_CXX_LANGUAGE_STANDARD = "gnu++14";
				CLANG_CXX_LIBRARY = "libc++";
				CLANG_ENABLE_MODULES = YES;
				CLANG_ENABLE_OBJC_ARC = YES;
				CLANG_ENABLE_OBJC_WEAK = YES;
				CLANG_WARN_BLOCK_CAPTURE_AUTORELEASING = YES;
				CLANG_WARN_BOOL_CONVERSION = YES;
				CLANG_WARN_COMMA = YES;
				CLANG_WARN_CONSTANT_CONVERSION = YES;
				CLANG_WARN_DEPRECATED_OBJC_IMPLEMENTATIONS = YES;
				CLANG_WARN_DIRECT_OBJC_ISA_USAGE = YES_ERROR;
				CLANG_WARN_DOCUMENTATION_COMMENTS = YES;
				CLANG_WARN_EMPTY_BODY = YES;
				CLANG_WARN_ENUM_CONVERSION = YES;
				CLANG_WARN_INFINITE_RECURSION = YES;
				CLANG_WARN_INT_CONVERSION = YES;
				CLANG_WARN_NON_LITERAL_NULL_CONVERSION = YES;
				CLANG_WARN_OBJC_IMPLICIT_RETAIN_SELF = YES;
				CLANG_WARN_OBJC_LITERAL_CONVERSION = YES;
				CLANG_WARN_OBJC_ROOT_CLASS = YES_ERROR;
				CLANG_WARN_QUOTED_INCLUDE_IN_FRAMEWORK_HEADER = YES;
				CLANG_WARN_RANGE_LOOP_ANALYSIS = YES;
				CLANG_WARN_STRICT_PROTOTYPES = YES;
				CLANG_WARN_SUSPICIOUS_MOVE = YES;
				CLANG_WARN_UNGUARDED_AVAILABILITY = YES_AGGRESSIVE;
				CLANG_WARN_UNREACHABLE_CODE = YES;
				CLANG_WARN__DUPLICATE_METHOD_MATCH = YES;
				COPY_PHASE_STRIP = NO;
				DEBUG_INFORMATION_FORMAT = dwarf;
				ENABLE_STRICT_OBJC_MSGSEND = YES;
				ENABLE_TESTABILITY = YES;
				GCC_C_LANGUAGE_STANDARD = gnu11;
				GCC_DYNAMIC_NO_PIC = NO;
				GCC_NO_COMMON_BLOCKS = YES;
				GCC_OPTIMIZATION_LEVEL = 0;
				GCC_PREPROCESSOR_DEFINITIONS = (
					"DEBUG=1",
					"$(inherited)",
				);
				GCC_WARN_64_TO_32_BIT_CONVERSION = YES;
				GCC_WARN_ABOUT_RETURN_TYPE = YES_ERROR;
				GCC_WARN_UNDECLARED_SELECTOR = YES;
				GCC_WARN_UNINITIALIZED_AUTOS = YES_AGGRESSIVE;
				GCC_WARN_UNUSED_FUNCTION = YES;
				GCC_WARN_UNUSED_VARIABLE = YES;
				IPHONEOS_DEPLOYMENT_TARGET = 14.4;
				MTL_ENABLE_DEBUG_INFO = INCLUDE_SOURCE;
				MTL_FAST_MATH = YES;
				ONLY_ACTIVE_ARCH = YES;
				SDKROOT = iphoneos;
				SWIFT_ACTIVE_COMPILATION_CONDITIONS = DEBUG;
				SWIFT_OPTIMIZATION_LEVEL = "-Onone";
			};
			name = Debug;
		};
		66E43FB626C6120100AE012E /* Release */ = {
			isa = XCBuildConfiguration;
			buildSettings = {
				ALWAYS_SEARCH_USER_PATHS = NO;
				CLANG_ANALYZER_NONNULL = YES;
				CLANG_ANALYZER_NUMBER_OBJECT_CONVERSION = YES_AGGRESSIVE;
				CLANG_CXX_LANGUAGE_STANDARD = "gnu++14";
				CLANG_CXX_LIBRARY = "libc++";
				CLANG_ENABLE_MODULES = YES;
				CLANG_ENABLE_OBJC_ARC = YES;
				CLANG_ENABLE_OBJC_WEAK = YES;
				CLANG_WARN_BLOCK_CAPTURE_AUTORELEASING = YES;
				CLANG_WARN_BOOL_CONVERSION = YES;
				CLANG_WARN_COMMA = YES;
				CLANG_WARN_CONSTANT_CONVERSION = YES;
				CLANG_WARN_DEPRECATED_OBJC_IMPLEMENTATIONS = YES;
				CLANG_WARN_DIRECT_OBJC_ISA_USAGE = YES_ERROR;
				CLANG_WARN_DOCUMENTATION_COMMENTS = YES;
				CLANG_WARN_EMPTY_BODY = YES;
				CLANG_WARN_ENUM_CONVERSION = YES;
				CLANG_WARN_INFINITE_RECURSION = YES;
				CLANG_WARN_INT_CONVERSION = YES;
				CLANG_WARN_NON_LITERAL_NULL_CONVERSION = YES;
				CLANG_WARN_OBJC_IMPLICIT_RETAIN_SELF = YES;
				CLANG_WARN_OBJC_LITERAL_CONVERSION = YES;
				CLANG_WARN_OBJC_ROOT_CLASS = YES_ERROR;
				CLANG_WARN_QUOTED_INCLUDE_IN_FRAMEWORK_HEADER = YES;
				CLANG_WARN_RANGE_LOOP_ANALYSIS = YES;
				CLANG_WARN_STRICT_PROTOTYPES = YES;
				CLANG_WARN_SUSPICIOUS_MOVE = YES;
				CLANG_WARN_UNGUARDED_AVAILABILITY = YES_AGGRESSIVE;
				CLANG_WARN_UNREACHABLE_CODE = YES;
				CLANG_WARN__DUPLICATE_METHOD_MATCH = YES;
				COPY_PHASE_STRIP = NO;
				DEBUG_INFORMATION_FORMAT = "dwarf-with-dsym";
				ENABLE_NS_ASSERTIONS = NO;
				ENABLE_STRICT_OBJC_MSGSEND = YES;
				GCC_C_LANGUAGE_STANDARD = gnu11;
				GCC_NO_COMMON_BLOCKS = YES;
				GCC_WARN_64_TO_32_BIT_CONVERSION = YES;
				GCC_WARN_ABOUT_RETURN_TYPE = YES_ERROR;
				GCC_WARN_UNDECLARED_SELECTOR = YES;
				GCC_WARN_UNINITIALIZED_AUTOS = YES_AGGRESSIVE;
				GCC_WARN_UNUSED_FUNCTION = YES;
				GCC_WARN_UNUSED_VARIABLE = YES;
				IPHONEOS_DEPLOYMENT_TARGET = 14.4;
				MTL_ENABLE_DEBUG_INFO = NO;
				MTL_FAST_MATH = YES;
				SDKROOT = iphoneos;
				SWIFT_COMPILATION_MODE = wholemodule;
				SWIFT_OPTIMIZATION_LEVEL = "-O";
				VALIDATE_PRODUCT = YES;
			};
			name = Release;
		};
		66E43FB826C6120100AE012E /* Debug */ = {
			isa = XCBuildConfiguration;
			baseConfigurationReference = 7866A4F15E09940DE7E1541E /* Pods-natureFM.debug.xcconfig */;
			buildSettings = {
				ASSETCATALOG_COMPILER_APPICON_NAME = AppIcon;
				ASSETCATALOG_COMPILER_GLOBAL_ACCENT_COLOR_NAME = AccentColor;
				CODE_SIGN_STYLE = Automatic;
				DEVELOPMENT_ASSET_PATHS = "\"natureFM/Preview Content\"";
				DEVELOPMENT_TEAM = 6SFM579B5E;
				ENABLE_PREVIEWS = YES;
				INFOPLIST_FILE = natureFM/Info.plist;
				IPHONEOS_DEPLOYMENT_TARGET = 14.0;
				LD_RUNPATH_SEARCH_PATHS = (
					"$(inherited)",
					"@executable_path/Frameworks",
				);
				MARKETING_VERSION = 2.0.3;
				PRODUCT_BUNDLE_IDENTIFIER = design.rdconcepts.natureFM;
				PRODUCT_NAME = "$(TARGET_NAME)";
				SWIFT_VERSION = 5.0;
				TARGETED_DEVICE_FAMILY = "1,2";
			};
			name = Debug;
		};
		66E43FB926C6120100AE012E /* Release */ = {
			isa = XCBuildConfiguration;
			baseConfigurationReference = 69100EA3012BDB2D287C73B9 /* Pods-natureFM.release.xcconfig */;
			buildSettings = {
				ASSETCATALOG_COMPILER_APPICON_NAME = AppIcon;
				ASSETCATALOG_COMPILER_GLOBAL_ACCENT_COLOR_NAME = AccentColor;
				CODE_SIGN_STYLE = Automatic;
				DEVELOPMENT_ASSET_PATHS = "\"natureFM/Preview Content\"";
				DEVELOPMENT_TEAM = 6SFM579B5E;
				ENABLE_PREVIEWS = YES;
				INFOPLIST_FILE = natureFM/Info.plist;
				IPHONEOS_DEPLOYMENT_TARGET = 14.0;
				LD_RUNPATH_SEARCH_PATHS = (
					"$(inherited)",
					"@executable_path/Frameworks",
				);
				MARKETING_VERSION = 2.0.3;
				PRODUCT_BUNDLE_IDENTIFIER = design.rdconcepts.natureFM;
				PRODUCT_NAME = "$(TARGET_NAME)";
				SWIFT_VERSION = 5.0;
				TARGETED_DEVICE_FAMILY = "1,2";
			};
			name = Release;
		};
/* End XCBuildConfiguration section */

/* Begin XCConfigurationList section */
		66E43FA326C6120000AE012E /* Build configuration list for PBXProject "natureFM" */ = {
			isa = XCConfigurationList;
			buildConfigurations = (
				66E43FB526C6120100AE012E /* Debug */,
				66E43FB626C6120100AE012E /* Release */,
			);
			defaultConfigurationIsVisible = 0;
			defaultConfigurationName = Release;
		};
		66E43FB726C6120100AE012E /* Build configuration list for PBXNativeTarget "natureFM" */ = {
			isa = XCConfigurationList;
			buildConfigurations = (
				66E43FB826C6120100AE012E /* Debug */,
				66E43FB926C6120100AE012E /* Release */,
			);
			defaultConfigurationIsVisible = 0;
			defaultConfigurationName = Release;
		};
/* End XCConfigurationList section */

/* Begin XCRemoteSwiftPackageReference section */
		66C3CC0826FCD7FE00438A55 /* XCRemoteSwiftPackageReference "url-image" */ = {
			isa = XCRemoteSwiftPackageReference;
			repositoryURL = "https://github.com/dmytro-anokhin/url-image";
			requirement = {
				kind = upToNextMajorVersion;
				minimumVersion = 3.1.0;
			};
		};
/* End XCRemoteSwiftPackageReference section */

/* Begin XCSwiftPackageProductDependency section */
		66C3CC0926FCD7FE00438A55 /* URLImageStore */ = {
			isa = XCSwiftPackageProductDependency;
			package = 66C3CC0826FCD7FE00438A55 /* XCRemoteSwiftPackageReference "url-image" */;
			productName = URLImageStore;
		};
		66C3CC0B26FCD7FE00438A55 /* URLImage */ = {
			isa = XCSwiftPackageProductDependency;
			package = 66C3CC0826FCD7FE00438A55 /* XCRemoteSwiftPackageReference "url-image" */;
			productName = URLImage;
		};
/* End XCSwiftPackageProductDependency section */

/* Begin XCVersionGroup section */
		66E8600C270E60E6009F1AEF /* Stash.xcdatamodeld */ = {
			isa = XCVersionGroup;
			children = (
				66E8600D270E60E6009F1AEF /* Stash.xcdatamodel */,
			);
			currentVersion = 66E8600D270E60E6009F1AEF /* Stash.xcdatamodel */;
			path = Stash.xcdatamodeld;
			sourceTree = "<group>";
			versionGroupType = wrapper.xcdatamodel;
		};
/* End XCVersionGroup section */
	};
	rootObject = 66E43FA026C6120000AE012E /* Project object */;
}
