// !$*UTF8*$!
{
	archiveVersion = 1;
	classes = {
	};
	objectVersion = 54;
	objects = {

/* Begin PBXBuildFile section */
		66098BFB27B1C622000041D9 /* NatureSoundDataService.swift in Sources */ = {isa = PBXBuildFile; fileRef = 66098BFA27B1C622000041D9 /* NatureSoundDataService.swift */; };
		66098BFE27B1C73F000041D9 /* NetworkingManager.swift in Sources */ = {isa = PBXBuildFile; fileRef = 66098BFD27B1C73F000041D9 /* NetworkingManager.swift */; };
		66098C0027B1C8E4000041D9 /* CatalogViewModel.swift in Sources */ = {isa = PBXBuildFile; fileRef = 66098BFF27B1C8E4000041D9 /* CatalogViewModel.swift */; };
		662D25BE27B6ED26003727C8 /* TimeInterval.swift in Sources */ = {isa = PBXBuildFile; fileRef = 662D25BD27B6ED26003727C8 /* TimeInterval.swift */; };
		664E8D9027B22E9100699C0B /* CoreDataService.swift in Sources */ = {isa = PBXBuildFile; fileRef = 664E8D8F27B22E9100699C0B /* CoreDataService.swift */; };
		664E8D9227B2436B00699C0B /* SoundImageService.swift in Sources */ = {isa = PBXBuildFile; fileRef = 664E8D9127B2436B00699C0B /* SoundImageService.swift */; };
		664E8D9427B243C900699C0B /* LocalFileManager.swift in Sources */ = {isa = PBXBuildFile; fileRef = 664E8D9327B243C900699C0B /* LocalFileManager.swift */; };
		664E8D9627B2455D00699C0B /* SoundImageView.swift in Sources */ = {isa = PBXBuildFile; fileRef = 664E8D9527B2455D00699C0B /* SoundImageView.swift */; };
		664E8D9927B245BC00699C0B /* SoundImageViewModel.swift in Sources */ = {isa = PBXBuildFile; fileRef = 664E8D9827B245BC00699C0B /* SoundImageViewModel.swift */; };
		664F0BD82B59B19A002D1E2A /* CategoryRowView.swift in Sources */ = {isa = PBXBuildFile; fileRef = 664F0BD72B59B19A002D1E2A /* CategoryRowView.swift */; };
		664F0BE72B5AF9EF002D1E2A /* UserListenerStatusView.swift in Sources */ = {isa = PBXBuildFile; fileRef = 664F0BE62B5AF9EF002D1E2A /* UserListenerStatusView.swift */; };
		66589EBA27BDA2BE0026F7A3 /* LaunchScreenView.swift in Sources */ = {isa = PBXBuildFile; fileRef = 66589EB927BDA2BE0026F7A3 /* LaunchScreenView.swift */; };
		6661D71327BB067800481E3A /* FeaturedImageLayoutView.swift in Sources */ = {isa = PBXBuildFile; fileRef = 6661D71227BB067800481E3A /* FeaturedImageLayoutView.swift */; };
		6661D71527BCE5C900481E3A /* ProfileView.swift in Sources */ = {isa = PBXBuildFile; fileRef = 6661D71427BCE5C900481E3A /* ProfileView.swift */; };
		666BE7A62BAA14AA002ABF97 /* APINetworkService.swift in Sources */ = {isa = PBXBuildFile; fileRef = 666BE7A52BAA14AA002ABF97 /* APINetworkService.swift */; };
		666BE7A92BAA473D002ABF97 /* APIError.swift in Sources */ = {isa = PBXBuildFile; fileRef = 666BE7A82BAA473D002ABF97 /* APIError.swift */; };
		666BE7AB2BAA474E002ABF97 /* APIMethod.swift in Sources */ = {isa = PBXBuildFile; fileRef = 666BE7AA2BAA474E002ABF97 /* APIMethod.swift */; };
		666BE7AD2BAA475E002ABF97 /* APIurls.swift in Sources */ = {isa = PBXBuildFile; fileRef = 666BE7AC2BAA475E002ABF97 /* APIurls.swift */; };
		667CD62027B2708B007965D7 /* Color.swift in Sources */ = {isa = PBXBuildFile; fileRef = 667CD61F27B2708B007965D7 /* Color.swift */; };
		667F6E132718E810007726D1 /* Launch Screen.storyboard in Resources */ = {isa = PBXBuildFile; fileRef = 667F6E122718E810007726D1 /* Launch Screen.storyboard */; };
		6682760D2B3C9C6D00B5B548 /* CatalogView.swift in Sources */ = {isa = PBXBuildFile; fileRef = 6682760C2B3C9C6D00B5B548 /* CatalogView.swift */; };
		6682760F2B3C9F8500B5B548 /* CatalogTitle.swift in Sources */ = {isa = PBXBuildFile; fileRef = 6682760E2B3C9F8500B5B548 /* CatalogTitle.swift */; };
		668276112B3E155100B5B548 /* CatalogSubtitle.swift in Sources */ = {isa = PBXBuildFile; fileRef = 668276102B3E155000B5B548 /* CatalogSubtitle.swift */; };
		668276132B40A6BB00B5B548 /* NetworkMonitor.swift in Sources */ = {isa = PBXBuildFile; fileRef = 668276122B40A6BB00B5B548 /* NetworkMonitor.swift */; };
		668276182B41FBE000B5B548 /* LibraryViewModel.swift in Sources */ = {isa = PBXBuildFile; fileRef = 668276172B41FBE000B5B548 /* LibraryViewModel.swift */; };
		6685C5D22ABCBC1C005947A4 /* TabItemView.swift in Sources */ = {isa = PBXBuildFile; fileRef = 6685C5D12ABCBC1C005947A4 /* TabItemView.swift */; };
		6685C5FC2AC9D326005947A4 /* PlayingNowBar.swift in Sources */ = {isa = PBXBuildFile; fileRef = 6685C5FB2AC9D326005947A4 /* PlayingNowBar.swift */; };
		6685C5FE2ACDA9FF005947A4 /* Preview.swift in Sources */ = {isa = PBXBuildFile; fileRef = 6685C5FD2ACDA9FF005947A4 /* Preview.swift */; };
		6685C6002AD06732005947A4 /* ClockDisplayView.swift in Sources */ = {isa = PBXBuildFile; fileRef = 6685C5FF2AD06732005947A4 /* ClockDisplayView.swift */; };
		6685C6032AD24C7E005947A4 /* LibraryView.swift in Sources */ = {isa = PBXBuildFile; fileRef = 6685C6022AD24C7E005947A4 /* LibraryView.swift */; };
		6685C6072AD8A337005947A4 /* ProgressBarView.swift in Sources */ = {isa = PBXBuildFile; fileRef = 6685C6062AD8A337005947A4 /* ProgressBarView.swift */; };
		6685C6092AD8A3AC005947A4 /* AudioControlButtonsView.swift in Sources */ = {isa = PBXBuildFile; fileRef = 6685C6082AD8A3AC005947A4 /* AudioControlButtonsView.swift */; };
		6685C6172ADD7B36005947A4 /* natureFMTests.swift in Sources */ = {isa = PBXBuildFile; fileRef = 6685C6162ADD7B36005947A4 /* natureFMTests.swift */; };
		6685C62A2ADD8EBF005947A4 /* natureFMUITestsLaunchTests.swift in Sources */ = {isa = PBXBuildFile; fileRef = 6685C6292ADD8EBF005947A4 /* natureFMUITestsLaunchTests.swift */; };
		6685C6302ADD8EC4005947A4 /* SnapshotHelper.swift in Sources */ = {isa = PBXBuildFile; fileRef = 6685C61E2ADD7C0D005947A4 /* SnapshotHelper.swift */; };
		6685C6322ADD992F005947A4 /* natureFMUITests.swift in Sources */ = {isa = PBXBuildFile; fileRef = 6685C6272ADD8EBF005947A4 /* natureFMUITests.swift */; };
		6685C6392ADF1714005947A4 /* Banner.swift in Sources */ = {isa = PBXBuildFile; fileRef = 6685C6382ADF1714005947A4 /* Banner.swift */; };
		6685C63B2ADF19BF005947A4 /* Interstitial.swift in Sources */ = {isa = PBXBuildFile; fileRef = 6685C63A2ADF19BF005947A4 /* Interstitial.swift */; };
		6685C63D2ADF1A48005947A4 /* AdvertisingViewmodel.swift in Sources */ = {isa = PBXBuildFile; fileRef = 6685C63C2ADF1A48005947A4 /* AdvertisingViewmodel.swift */; };
		668843CC2B6C26A3000BCAE5 /* BorderButton.swift in Sources */ = {isa = PBXBuildFile; fileRef = 668843CB2B6C26A3000BCAE5 /* BorderButton.swift */; };
		668843CE2B6C2D14000BCAE5 /* CatalogSoundView.swift in Sources */ = {isa = PBXBuildFile; fileRef = 668843CD2B6C2D14000BCAE5 /* CatalogSoundView.swift */; };
		668843D02B6C2E23000BCAE5 /* SoundDetailStackView.swift in Sources */ = {isa = PBXBuildFile; fileRef = 668843CF2B6C2E23000BCAE5 /* SoundDetailStackView.swift */; };
		668843D52B6D6AFE000BCAE5 /* LoadingFullScreenView.swift in Sources */ = {isa = PBXBuildFile; fileRef = 668843D42B6D6AFE000BCAE5 /* LoadingFullScreenView.swift */; };
		668843D72B6D708D000BCAE5 /* ErrorView.swift in Sources */ = {isa = PBXBuildFile; fileRef = 668843D62B6D708D000BCAE5 /* ErrorView.swift */; };
		668843D92B6D743E000BCAE5 /* SkeletonCatalogView.swift in Sources */ = {isa = PBXBuildFile; fileRef = 668843D82B6D743E000BCAE5 /* SkeletonCatalogView.swift */; };
		668843DB2B6D749B000BCAE5 /* View.swift in Sources */ = {isa = PBXBuildFile; fileRef = 668843DA2B6D749B000BCAE5 /* View.swift */; };
		6693C4AF2728F06900D4FD17 /* CategoryPickerView.swift in Sources */ = {isa = PBXBuildFile; fileRef = 6693C4AE2728F06900D4FD17 /* CategoryPickerView.swift */; };
		66C3CC0A26FCD7FE00438A55 /* URLImageStore in Frameworks */ = {isa = PBXBuildFile; productRef = 66C3CC0926FCD7FE00438A55 /* URLImageStore */; };
		66C3CC0C26FCD7FE00438A55 /* URLImage in Frameworks */ = {isa = PBXBuildFile; productRef = 66C3CC0B26FCD7FE00438A55 /* URLImage */; };
		66C3CC162703C3DF00438A55 /* CategoryModel.swift in Sources */ = {isa = PBXBuildFile; fileRef = 66C3CC152703C3DF00438A55 /* CategoryModel.swift */; };
		66C3CC182703CB2500438A55 /* InAppStorePurchasesView.swift in Sources */ = {isa = PBXBuildFile; fileRef = 66C3CC172703CB2500438A55 /* InAppStorePurchasesView.swift */; };
		66C3CC1A2703EE8600438A55 /* StoreManager.swift in Sources */ = {isa = PBXBuildFile; fileRef = 66C3CC192703EE8600438A55 /* StoreManager.swift */; };
		66CE6FF727B36A440031E7FE /* CatalogSoundsView.swift in Sources */ = {isa = PBXBuildFile; fileRef = 66CE6FF627B36A440031E7FE /* CatalogSoundsView.swift */; };
		66CE6FF927B3C6380031E7FE /* Int.swift in Sources */ = {isa = PBXBuildFile; fileRef = 66CE6FF827B3C6380031E7FE /* Int.swift */; };
		66CE6FFD27B46F760031E7FE /* SoundPlayerView.swift in Sources */ = {isa = PBXBuildFile; fileRef = 66CE6FFC27B46F760031E7FE /* SoundPlayerView.swift */; };
		66CE700627B4A96A0031E7FE /* SongDownloadDataService.swift in Sources */ = {isa = PBXBuildFile; fileRef = 66CE700527B4A96A0031E7FE /* SongDownloadDataService.swift */; };
		66E43FAC26C6120000AE012E /* natureFMApp.swift in Sources */ = {isa = PBXBuildFile; fileRef = 66E43FAB26C6120000AE012E /* natureFMApp.swift */; };
		66E43FB026C6120100AE012E /* Assets.xcassets in Resources */ = {isa = PBXBuildFile; fileRef = 66E43FAF26C6120100AE012E /* Assets.xcassets */; };
		66E43FB326C6120100AE012E /* Preview Assets.xcassets in Resources */ = {isa = PBXBuildFile; fileRef = 66E43FB226C6120100AE012E /* Preview Assets.xcassets */; };
		66E43FBC26C6125A00AE012E /* HomeView.swift in Sources */ = {isa = PBXBuildFile; fileRef = 66E43FBB26C6125A00AE012E /* HomeView.swift */; };
		66E43FBF26C6146000AE012E /* SoundsModel.swift in Sources */ = {isa = PBXBuildFile; fileRef = 66E43FBE26C6146000AE012E /* SoundsModel.swift */; };
		66E85FF0270E2AFD009F1AEF /* StoreKit.framework in Frameworks */ = {isa = PBXBuildFile; fileRef = 66E85FEF270E2AFD009F1AEF /* StoreKit.framework */; };
		66E8600E270E60E6009F1AEF /* Stash.xcdatamodeld in Sources */ = {isa = PBXBuildFile; fileRef = 66E8600C270E60E6009F1AEF /* Stash.xcdatamodeld */; };
		66F241D62B6030BD00E26769 /* NoInternetView.swift in Sources */ = {isa = PBXBuildFile; fileRef = 66F241D52B6030BD00E26769 /* NoInternetView.swift */; };
		66F241D82B60336300E26769 /* LibraryItemView.swift in Sources */ = {isa = PBXBuildFile; fileRef = 66F241D72B60336300E26769 /* LibraryItemView.swift */; };
		66F241DA2B641A6B00E26769 /* ProductRowView.swift in Sources */ = {isa = PBXBuildFile; fileRef = 66F241D92B641A6B00E26769 /* ProductRowView.swift */; };
		66F94AE427B31FDC00B50D28 /* CategoryDataService.swift in Sources */ = {isa = PBXBuildFile; fileRef = 66F94AE327B31FDC00B50D28 /* CategoryDataService.swift */; };
		FB482CB34D6A39FBEE55B8B9 /* libPods-natureFM.a in Frameworks */ = {isa = PBXBuildFile; fileRef = B2F0247C837BDF923BD78839 /* libPods-natureFM.a */; };
/* End PBXBuildFile section */

/* Begin PBXContainerItemProxy section */
		6685C6182ADD7B36005947A4 /* PBXContainerItemProxy */ = {
			isa = PBXContainerItemProxy;
			containerPortal = 66E43FA026C6120000AE012E /* Project object */;
			proxyType = 1;
			remoteGlobalIDString = 66E43FA726C6120000AE012E;
			remoteInfo = natureFM;
		};
		6685C62B2ADD8EBF005947A4 /* PBXContainerItemProxy */ = {
			isa = PBXContainerItemProxy;
			containerPortal = 66E43FA026C6120000AE012E /* Project object */;
			proxyType = 1;
			remoteGlobalIDString = 66E43FA726C6120000AE012E;
			remoteInfo = natureFM;
		};
/* End PBXContainerItemProxy section */

/* Begin PBXFileReference section */
		66098BFA27B1C622000041D9 /* NatureSoundDataService.swift */ = {isa = PBXFileReference; lastKnownFileType = sourcecode.swift; path = NatureSoundDataService.swift; sourceTree = "<group>"; };
		66098BFD27B1C73F000041D9 /* NetworkingManager.swift */ = {isa = PBXFileReference; lastKnownFileType = sourcecode.swift; path = NetworkingManager.swift; sourceTree = "<group>"; };
		66098BFF27B1C8E4000041D9 /* CatalogViewModel.swift */ = {isa = PBXFileReference; lastKnownFileType = sourcecode.swift; path = CatalogViewModel.swift; sourceTree = "<group>"; };
		662D25BD27B6ED26003727C8 /* TimeInterval.swift */ = {isa = PBXFileReference; lastKnownFileType = sourcecode.swift; path = TimeInterval.swift; sourceTree = "<group>"; };
		663E05B827139BB6006E0259 /* Noteworthy.ttc */ = {isa = PBXFileReference; lastKnownFileType = file; path = Noteworthy.ttc; sourceTree = "<group>"; };
		664E8D8F27B22E9100699C0B /* CoreDataService.swift */ = {isa = PBXFileReference; lastKnownFileType = sourcecode.swift; path = CoreDataService.swift; sourceTree = "<group>"; };
		664E8D9127B2436B00699C0B /* SoundImageService.swift */ = {isa = PBXFileReference; lastKnownFileType = sourcecode.swift; path = SoundImageService.swift; sourceTree = "<group>"; };
		664E8D9327B243C900699C0B /* LocalFileManager.swift */ = {isa = PBXFileReference; lastKnownFileType = sourcecode.swift; path = LocalFileManager.swift; sourceTree = "<group>"; };
		664E8D9527B2455D00699C0B /* SoundImageView.swift */ = {isa = PBXFileReference; lastKnownFileType = sourcecode.swift; path = SoundImageView.swift; sourceTree = "<group>"; };
		664E8D9827B245BC00699C0B /* SoundImageViewModel.swift */ = {isa = PBXFileReference; lastKnownFileType = sourcecode.swift; path = SoundImageViewModel.swift; sourceTree = "<group>"; };
		664F0BD72B59B19A002D1E2A /* CategoryRowView.swift */ = {isa = PBXFileReference; lastKnownFileType = sourcecode.swift; path = CategoryRowView.swift; sourceTree = "<group>"; };
		664F0BE62B5AF9EF002D1E2A /* UserListenerStatusView.swift */ = {isa = PBXFileReference; lastKnownFileType = sourcecode.swift; path = UserListenerStatusView.swift; sourceTree = "<group>"; };
		66589EB927BDA2BE0026F7A3 /* LaunchScreenView.swift */ = {isa = PBXFileReference; lastKnownFileType = sourcecode.swift; path = LaunchScreenView.swift; sourceTree = "<group>"; };
		6661D71227BB067800481E3A /* FeaturedImageLayoutView.swift */ = {isa = PBXFileReference; lastKnownFileType = sourcecode.swift; path = FeaturedImageLayoutView.swift; sourceTree = "<group>"; };
		6661D71427BCE5C900481E3A /* ProfileView.swift */ = {isa = PBXFileReference; lastKnownFileType = sourcecode.swift; path = ProfileView.swift; sourceTree = "<group>"; };
		666BE7A52BAA14AA002ABF97 /* APINetworkService.swift */ = {isa = PBXFileReference; lastKnownFileType = sourcecode.swift; path = APINetworkService.swift; sourceTree = "<group>"; };
		666BE7A82BAA473D002ABF97 /* APIError.swift */ = {isa = PBXFileReference; lastKnownFileType = sourcecode.swift; path = APIError.swift; sourceTree = "<group>"; };
		666BE7AA2BAA474E002ABF97 /* APIMethod.swift */ = {isa = PBXFileReference; lastKnownFileType = sourcecode.swift; path = APIMethod.swift; sourceTree = "<group>"; };
		666BE7AC2BAA475E002ABF97 /* APIurls.swift */ = {isa = PBXFileReference; lastKnownFileType = sourcecode.swift; path = APIurls.swift; sourceTree = "<group>"; };
		667CD61F27B2708B007965D7 /* Color.swift */ = {isa = PBXFileReference; lastKnownFileType = sourcecode.swift; path = Color.swift; sourceTree = "<group>"; };
		667F6E122718E810007726D1 /* Launch Screen.storyboard */ = {isa = PBXFileReference; lastKnownFileType = file.storyboard; path = "Launch Screen.storyboard"; sourceTree = "<group>"; };
		6682760C2B3C9C6D00B5B548 /* CatalogView.swift */ = {isa = PBXFileReference; lastKnownFileType = sourcecode.swift; path = CatalogView.swift; sourceTree = "<group>"; };
		6682760E2B3C9F8500B5B548 /* CatalogTitle.swift */ = {isa = PBXFileReference; lastKnownFileType = sourcecode.swift; path = CatalogTitle.swift; sourceTree = "<group>"; };
		668276102B3E155000B5B548 /* CatalogSubtitle.swift */ = {isa = PBXFileReference; lastKnownFileType = sourcecode.swift; path = CatalogSubtitle.swift; sourceTree = "<group>"; };
		668276122B40A6BB00B5B548 /* NetworkMonitor.swift */ = {isa = PBXFileReference; lastKnownFileType = sourcecode.swift; path = NetworkMonitor.swift; sourceTree = "<group>"; };
		668276172B41FBE000B5B548 /* LibraryViewModel.swift */ = {isa = PBXFileReference; lastKnownFileType = sourcecode.swift; path = LibraryViewModel.swift; sourceTree = "<group>"; };
		6685C5D12ABCBC1C005947A4 /* TabItemView.swift */ = {isa = PBXFileReference; lastKnownFileType = sourcecode.swift; path = TabItemView.swift; sourceTree = "<group>"; };
		6685C5D32ABCBFB2005947A4 /* Products.storekit */ = {isa = PBXFileReference; lastKnownFileType = text; path = Products.storekit; sourceTree = "<group>"; };
		6685C5FB2AC9D326005947A4 /* PlayingNowBar.swift */ = {isa = PBXFileReference; lastKnownFileType = sourcecode.swift; path = PlayingNowBar.swift; sourceTree = "<group>"; };
		6685C5FD2ACDA9FF005947A4 /* Preview.swift */ = {isa = PBXFileReference; lastKnownFileType = sourcecode.swift; path = Preview.swift; sourceTree = "<group>"; };
		6685C5FF2AD06732005947A4 /* ClockDisplayView.swift */ = {isa = PBXFileReference; lastKnownFileType = sourcecode.swift; path = ClockDisplayView.swift; sourceTree = "<group>"; };
		6685C6022AD24C7E005947A4 /* LibraryView.swift */ = {isa = PBXFileReference; lastKnownFileType = sourcecode.swift; path = LibraryView.swift; sourceTree = "<group>"; };
		6685C6062AD8A337005947A4 /* ProgressBarView.swift */ = {isa = PBXFileReference; lastKnownFileType = sourcecode.swift; path = ProgressBarView.swift; sourceTree = "<group>"; };
		6685C6082AD8A3AC005947A4 /* AudioControlButtonsView.swift */ = {isa = PBXFileReference; lastKnownFileType = sourcecode.swift; path = AudioControlButtonsView.swift; sourceTree = "<group>"; };
		6685C6142ADD7B36005947A4 /* natureFMTests.xctest */ = {isa = PBXFileReference; explicitFileType = wrapper.cfbundle; includeInIndex = 0; path = natureFMTests.xctest; sourceTree = BUILT_PRODUCTS_DIR; };
		6685C6162ADD7B36005947A4 /* natureFMTests.swift */ = {isa = PBXFileReference; lastKnownFileType = sourcecode.swift; path = natureFMTests.swift; sourceTree = "<group>"; };
		6685C61E2ADD7C0D005947A4 /* SnapshotHelper.swift */ = {isa = PBXFileReference; fileEncoding = 4; lastKnownFileType = sourcecode.swift; name = SnapshotHelper.swift; path = natureFMUITests/SnapshotHelper.swift; sourceTree = SOURCE_ROOT; };
		6685C6252ADD8EBF005947A4 /* natureFMUITests.xctest */ = {isa = PBXFileReference; explicitFileType = wrapper.cfbundle; includeInIndex = 0; path = natureFMUITests.xctest; sourceTree = BUILT_PRODUCTS_DIR; };
		6685C6272ADD8EBF005947A4 /* natureFMUITests.swift */ = {isa = PBXFileReference; lastKnownFileType = sourcecode.swift; path = natureFMUITests.swift; sourceTree = "<group>"; };
		6685C6292ADD8EBF005947A4 /* natureFMUITestsLaunchTests.swift */ = {isa = PBXFileReference; lastKnownFileType = sourcecode.swift; path = natureFMUITestsLaunchTests.swift; sourceTree = "<group>"; };
		6685C6382ADF1714005947A4 /* Banner.swift */ = {isa = PBXFileReference; lastKnownFileType = sourcecode.swift; path = Banner.swift; sourceTree = "<group>"; };
		6685C63A2ADF19BF005947A4 /* Interstitial.swift */ = {isa = PBXFileReference; lastKnownFileType = sourcecode.swift; path = Interstitial.swift; sourceTree = "<group>"; };
		6685C63C2ADF1A48005947A4 /* AdvertisingViewmodel.swift */ = {isa = PBXFileReference; lastKnownFileType = sourcecode.swift; path = AdvertisingViewmodel.swift; sourceTree = "<group>"; };
		668843CB2B6C26A3000BCAE5 /* BorderButton.swift */ = {isa = PBXFileReference; lastKnownFileType = sourcecode.swift; path = BorderButton.swift; sourceTree = "<group>"; };
		668843CD2B6C2D14000BCAE5 /* CatalogSoundView.swift */ = {isa = PBXFileReference; lastKnownFileType = sourcecode.swift; path = CatalogSoundView.swift; sourceTree = "<group>"; };
		668843CF2B6C2E23000BCAE5 /* SoundDetailStackView.swift */ = {isa = PBXFileReference; lastKnownFileType = sourcecode.swift; path = SoundDetailStackView.swift; sourceTree = "<group>"; };
		668843D42B6D6AFE000BCAE5 /* LoadingFullScreenView.swift */ = {isa = PBXFileReference; lastKnownFileType = sourcecode.swift; path = LoadingFullScreenView.swift; sourceTree = "<group>"; };
		668843D62B6D708D000BCAE5 /* ErrorView.swift */ = {isa = PBXFileReference; lastKnownFileType = sourcecode.swift; path = ErrorView.swift; sourceTree = "<group>"; };
		668843D82B6D743E000BCAE5 /* SkeletonCatalogView.swift */ = {isa = PBXFileReference; lastKnownFileType = sourcecode.swift; path = SkeletonCatalogView.swift; sourceTree = "<group>"; };
		668843DA2B6D749B000BCAE5 /* View.swift */ = {isa = PBXFileReference; lastKnownFileType = sourcecode.swift; path = View.swift; sourceTree = "<group>"; };
		6693C4AE2728F06900D4FD17 /* CategoryPickerView.swift */ = {isa = PBXFileReference; lastKnownFileType = sourcecode.swift; path = CategoryPickerView.swift; sourceTree = "<group>"; };
		66C3CC152703C3DF00438A55 /* CategoryModel.swift */ = {isa = PBXFileReference; lastKnownFileType = sourcecode.swift; path = CategoryModel.swift; sourceTree = "<group>"; };
		66C3CC172703CB2500438A55 /* InAppStorePurchasesView.swift */ = {isa = PBXFileReference; lastKnownFileType = sourcecode.swift; path = InAppStorePurchasesView.swift; sourceTree = "<group>"; };
		66C3CC192703EE8600438A55 /* StoreManager.swift */ = {isa = PBXFileReference; lastKnownFileType = sourcecode.swift; path = StoreManager.swift; sourceTree = "<group>"; };
		66CE6FF627B36A440031E7FE /* CatalogSoundsView.swift */ = {isa = PBXFileReference; lastKnownFileType = sourcecode.swift; path = CatalogSoundsView.swift; sourceTree = "<group>"; };
		66CE6FF827B3C6380031E7FE /* Int.swift */ = {isa = PBXFileReference; lastKnownFileType = sourcecode.swift; path = Int.swift; sourceTree = "<group>"; };
		66CE6FFC27B46F760031E7FE /* SoundPlayerView.swift */ = {isa = PBXFileReference; lastKnownFileType = sourcecode.swift; path = SoundPlayerView.swift; sourceTree = "<group>"; };
		66CE700527B4A96A0031E7FE /* SongDownloadDataService.swift */ = {isa = PBXFileReference; lastKnownFileType = sourcecode.swift; path = SongDownloadDataService.swift; sourceTree = "<group>"; };
		66E43FA826C6120000AE012E /* natureFM.app */ = {isa = PBXFileReference; explicitFileType = wrapper.application; includeInIndex = 0; path = natureFM.app; sourceTree = BUILT_PRODUCTS_DIR; };
		66E43FAB26C6120000AE012E /* natureFMApp.swift */ = {isa = PBXFileReference; lastKnownFileType = sourcecode.swift; path = natureFMApp.swift; sourceTree = "<group>"; };
		66E43FAF26C6120100AE012E /* Assets.xcassets */ = {isa = PBXFileReference; lastKnownFileType = folder.assetcatalog; path = Assets.xcassets; sourceTree = "<group>"; };
		66E43FB226C6120100AE012E /* Preview Assets.xcassets */ = {isa = PBXFileReference; lastKnownFileType = folder.assetcatalog; path = "Preview Assets.xcassets"; sourceTree = "<group>"; };
		66E43FB426C6120100AE012E /* Info.plist */ = {isa = PBXFileReference; lastKnownFileType = text.plist.xml; path = Info.plist; sourceTree = "<group>"; };
		66E43FBB26C6125A00AE012E /* HomeView.swift */ = {isa = PBXFileReference; lastKnownFileType = sourcecode.swift; path = HomeView.swift; sourceTree = "<group>"; };
		66E43FBE26C6146000AE012E /* SoundsModel.swift */ = {isa = PBXFileReference; lastKnownFileType = sourcecode.swift; path = SoundsModel.swift; sourceTree = "<group>"; };
		66E85FEF270E2AFD009F1AEF /* StoreKit.framework */ = {isa = PBXFileReference; lastKnownFileType = wrapper.framework; name = StoreKit.framework; path = System/Library/Frameworks/StoreKit.framework; sourceTree = SDKROOT; };
		66E8600D270E60E6009F1AEF /* Stash.xcdatamodel */ = {isa = PBXFileReference; lastKnownFileType = wrapper.xcdatamodel; path = Stash.xcdatamodel; sourceTree = "<group>"; };
		66F241D52B6030BD00E26769 /* NoInternetView.swift */ = {isa = PBXFileReference; lastKnownFileType = sourcecode.swift; path = NoInternetView.swift; sourceTree = "<group>"; };
		66F241D72B60336300E26769 /* LibraryItemView.swift */ = {isa = PBXFileReference; lastKnownFileType = sourcecode.swift; path = LibraryItemView.swift; sourceTree = "<group>"; };
		66F241D92B641A6B00E26769 /* ProductRowView.swift */ = {isa = PBXFileReference; lastKnownFileType = sourcecode.swift; path = ProductRowView.swift; sourceTree = "<group>"; };
		66F94AE327B31FDC00B50D28 /* CategoryDataService.swift */ = {isa = PBXFileReference; lastKnownFileType = sourcecode.swift; path = CategoryDataService.swift; sourceTree = "<group>"; };
		69100EA3012BDB2D287C73B9 /* Pods-natureFM.release.xcconfig */ = {isa = PBXFileReference; includeInIndex = 1; lastKnownFileType = text.xcconfig; name = "Pods-natureFM.release.xcconfig"; path = "Target Support Files/Pods-natureFM/Pods-natureFM.release.xcconfig"; sourceTree = "<group>"; };
		7866A4F15E09940DE7E1541E /* Pods-natureFM.debug.xcconfig */ = {isa = PBXFileReference; includeInIndex = 1; lastKnownFileType = text.xcconfig; name = "Pods-natureFM.debug.xcconfig"; path = "Target Support Files/Pods-natureFM/Pods-natureFM.debug.xcconfig"; sourceTree = "<group>"; };
		B2F0247C837BDF923BD78839 /* libPods-natureFM.a */ = {isa = PBXFileReference; explicitFileType = archive.ar; includeInIndex = 0; path = "libPods-natureFM.a"; sourceTree = BUILT_PRODUCTS_DIR; };
/* End PBXFileReference section */

/* Begin PBXFrameworksBuildPhase section */
		6685C6112ADD7B36005947A4 /* Frameworks */ = {
			isa = PBXFrameworksBuildPhase;
			buildActionMask = 2147483647;
			files = (
			);
			runOnlyForDeploymentPostprocessing = 0;
		};
		6685C6222ADD8EBF005947A4 /* Frameworks */ = {
			isa = PBXFrameworksBuildPhase;
			buildActionMask = 2147483647;
			files = (
			);
			runOnlyForDeploymentPostprocessing = 0;
		};
		66E43FA526C6120000AE012E /* Frameworks */ = {
			isa = PBXFrameworksBuildPhase;
			buildActionMask = 2147483647;
			files = (
				66C3CC0C26FCD7FE00438A55 /* URLImage in Frameworks */,
				66C3CC0A26FCD7FE00438A55 /* URLImageStore in Frameworks */,
				FB482CB34D6A39FBEE55B8B9 /* libPods-natureFM.a in Frameworks */,
				66E85FF0270E2AFD009F1AEF /* StoreKit.framework in Frameworks */,
			);
			runOnlyForDeploymentPostprocessing = 0;
		};
/* End PBXFrameworksBuildPhase section */

/* Begin PBXGroup section */
		12150CDF8D1281CB76B7A1AC /* Frameworks */ = {
			isa = PBXGroup;
			children = (
				66E85FEF270E2AFD009F1AEF /* StoreKit.framework */,
				B2F0247C837BDF923BD78839 /* libPods-natureFM.a */,
			);
			name = Frameworks;
			sourceTree = "<group>";
		};
		66098BF827B1C385000041D9 /* Launch */ = {
			isa = PBXGroup;
			children = (
				667F6E122718E810007726D1 /* Launch Screen.storyboard */,
				66589EB927BDA2BE0026F7A3 /* LaunchScreenView.swift */,
			);
			path = Launch;
			sourceTree = "<group>";
		};
		66098BF927B1C58E000041D9 /* Services */ = {
			isa = PBXGroup;
			children = (
				666BE7A72BAA472E002ABF97 /* Constants */,
				66098BFA27B1C622000041D9 /* NatureSoundDataService.swift */,
				66F94AE327B31FDC00B50D28 /* CategoryDataService.swift */,
				664E8D8F27B22E9100699C0B /* CoreDataService.swift */,
				664E8D9127B2436B00699C0B /* SoundImageService.swift */,
				66CE700527B4A96A0031E7FE /* SongDownloadDataService.swift */,
				668276122B40A6BB00B5B548 /* NetworkMonitor.swift */,
				666BE7A52BAA14AA002ABF97 /* APINetworkService.swift */,
			);
			path = Services;
			sourceTree = "<group>";
		};
		66098BFC27B1C731000041D9 /* Utilities */ = {
			isa = PBXGroup;
			children = (
				66098BFD27B1C73F000041D9 /* NetworkingManager.swift */,
				664E8D9327B243C900699C0B /* LocalFileManager.swift */,
			);
			path = Utilities;
			sourceTree = "<group>";
		};
		663E05B927139BFC006E0259 /* projectFonts */ = {
			isa = PBXGroup;
			children = (
				663E05B827139BB6006E0259 /* Noteworthy.ttc */,
			);
			path = projectFonts;
			sourceTree = "<group>";
		};
		664F0BE82B5AFD6F002D1E2A /* CatalogSoundsView */ = {
			isa = PBXGroup;
			children = (
				66CE6FF627B36A440031E7FE /* CatalogSoundsView.swift */,
				668843CD2B6C2D14000BCAE5 /* CatalogSoundView.swift */,
			);
			path = CatalogSoundsView;
			sourceTree = "<group>";
		};
		666BE7A72BAA472E002ABF97 /* Constants */ = {
			isa = PBXGroup;
			children = (
				666BE7A82BAA473D002ABF97 /* APIError.swift */,
				666BE7AA2BAA474E002ABF97 /* APIMethod.swift */,
				666BE7AC2BAA475E002ABF97 /* APIurls.swift */,
			);
			path = Constants;
			sourceTree = "<group>";
		};
		667CD62127B27090007965D7 /* Extensions */ = {
			isa = PBXGroup;
			children = (
				667CD61F27B2708B007965D7 /* Color.swift */,
				66CE6FF827B3C6380031E7FE /* Int.swift */,
				662D25BD27B6ED26003727C8 /* TimeInterval.swift */,
				6685C5FD2ACDA9FF005947A4 /* Preview.swift */,
				668843DA2B6D749B000BCAE5 /* View.swift */,
			);
			path = Extensions;
			sourceTree = "<group>";
		};
		667F6E18271B377F007726D1 /* Models */ = {
			isa = PBXGroup;
			children = (
				66E43FBE26C6146000AE012E /* SoundsModel.swift */,
				66C3CC152703C3DF00438A55 /* CategoryModel.swift */,
			);
			path = Models;
			sourceTree = "<group>";
		};
		6682760B2B3C9C5700B5B548 /* Catalog */ = {
			isa = PBXGroup;
			children = (
				6682760C2B3C9C6D00B5B548 /* CatalogView.swift */,
				6682760E2B3C9F8500B5B548 /* CatalogTitle.swift */,
				668276102B3E155000B5B548 /* CatalogSubtitle.swift */,
				664F0BE62B5AF9EF002D1E2A /* UserListenerStatusView.swift */,
				664F0BE82B5AFD6F002D1E2A /* CatalogSoundsView */,
			);
			path = Catalog;
			sourceTree = "<group>";
		};
		668276162B41FA6B00B5B548 /* StoreManager */ = {
			isa = PBXGroup;
			children = (
				66C3CC192703EE8600438A55 /* StoreManager.swift */,
				6685C5D32ABCBFB2005947A4 /* Products.storekit */,
			);
			path = StoreManager;
			sourceTree = "<group>";
		};
		6685C6012AD24C6D005947A4 /* Library */ = {
			isa = PBXGroup;
			children = (
				6685C6022AD24C7E005947A4 /* LibraryView.swift */,
				6693C4AE2728F06900D4FD17 /* CategoryPickerView.swift */,
				66F241D72B60336300E26769 /* LibraryItemView.swift */,
			);
			path = Library;
			sourceTree = "<group>";
		};
		6685C6152ADD7B36005947A4 /* natureFMTests */ = {
			isa = PBXGroup;
			children = (
				6685C6162ADD7B36005947A4 /* natureFMTests.swift */,
			);
			path = natureFMTests;
			sourceTree = "<group>";
		};
		6685C6262ADD8EBF005947A4 /* natureFMUITests */ = {
			isa = PBXGroup;
			children = (
				6685C61E2ADD7C0D005947A4 /* SnapshotHelper.swift */,
				6685C6272ADD8EBF005947A4 /* natureFMUITests.swift */,
				6685C6292ADD8EBF005947A4 /* natureFMUITestsLaunchTests.swift */,
			);
			path = natureFMUITests;
			sourceTree = "<group>";
		};
		6685C6342ADF0B09005947A4 /* About */ = {
			isa = PBXGroup;
			children = (
				6661D71427BCE5C900481E3A /* ProfileView.swift */,
			);
			path = About;
			sourceTree = "<group>";
		};
		6685C6362ADF0C01005947A4 /* Views */ = {
			isa = PBXGroup;
			children = (
				668843D22B6D615E000BCAE5 /* Images */,
				668843C92B6C267E000BCAE5 /* FeaturedImageTabView */,
				66CE6FFE27B4A7CD0031E7FE /* SoundPlayer */,
				66098BF827B1C385000041D9 /* Launch */,
				6682760B2B3C9C5700B5B548 /* Catalog */,
				6685C6012AD24C6D005947A4 /* Library */,
				66E85FE8270A88F8009F1AEF /* InAppPurchases */,
				6685C6342ADF0B09005947A4 /* About */,
			);
			path = Views;
			sourceTree = "<group>";
		};
		6685C6372ADF1703005947A4 /* Admob */ = {
			isa = PBXGroup;
			children = (
				6685C63C2ADF1A48005947A4 /* AdvertisingViewmodel.swift */,
				6685C6382ADF1714005947A4 /* Banner.swift */,
				6685C63A2ADF19BF005947A4 /* Interstitial.swift */,
			);
			path = Admob;
			sourceTree = "<group>";
		};
		668843C92B6C267E000BCAE5 /* FeaturedImageTabView */ = {
			isa = PBXGroup;
			children = (
				6661D71227BB067800481E3A /* FeaturedImageLayoutView.swift */,
			);
			path = FeaturedImageTabView;
			sourceTree = "<group>";
		};
		668843CA2B6C2697000BCAE5 /* ButtonStyles */ = {
			isa = PBXGroup;
			children = (
				668843CB2B6C26A3000BCAE5 /* BorderButton.swift */,
			);
			path = ButtonStyles;
			sourceTree = "<group>";
		};
		668843D12B6D6147000BCAE5 /* FullPlayer */ = {
			isa = PBXGroup;
			children = (
				66CE6FFC27B46F760031E7FE /* SoundPlayerView.swift */,
			);
			path = FullPlayer;
			sourceTree = "<group>";
		};
		668843D22B6D615E000BCAE5 /* Images */ = {
			isa = PBXGroup;
			children = (
				664E8D9827B245BC00699C0B /* SoundImageViewModel.swift */,
				664E8D9527B2455D00699C0B /* SoundImageView.swift */,
			);
			path = Images;
			sourceTree = "<group>";
		};
		668843D32B6D6177000BCAE5 /* TabBarPlayer */ = {
			isa = PBXGroup;
			children = (
				6685C5FB2AC9D326005947A4 /* PlayingNowBar.swift */,
			);
			path = TabBarPlayer;
			sourceTree = "<group>";
		};
		6691DE05279BAE7900B099D2 /* ViewModels */ = {
			isa = PBXGroup;
			children = (
				66098BFF27B1C8E4000041D9 /* CatalogViewModel.swift */,
				668276172B41FBE000B5B548 /* LibraryViewModel.swift */,
			);
			path = ViewModels;
			sourceTree = "<group>";
		};
		6693C4B02728F39D00D4FD17 /* components */ = {
			isa = PBXGroup;
			children = (
				6685C5FF2AD06732005947A4 /* ClockDisplayView.swift */,
				6685C5D12ABCBC1C005947A4 /* TabItemView.swift */,
				664F0BD72B59B19A002D1E2A /* CategoryRowView.swift */,
				66F241D52B6030BD00E26769 /* NoInternetView.swift */,
				668843CF2B6C2E23000BCAE5 /* SoundDetailStackView.swift */,
				668843D42B6D6AFE000BCAE5 /* LoadingFullScreenView.swift */,
				668843D62B6D708D000BCAE5 /* ErrorView.swift */,
				668843D82B6D743E000BCAE5 /* SkeletonCatalogView.swift */,
			);
			path = components;
			sourceTree = "<group>";
		};
		66CE6FFE27B4A7CD0031E7FE /* SoundPlayer */ = {
			isa = PBXGroup;
			children = (
				668843D32B6D6177000BCAE5 /* TabBarPlayer */,
				668843D12B6D6147000BCAE5 /* FullPlayer */,
				6685C6062AD8A337005947A4 /* ProgressBarView.swift */,
				6685C6082AD8A3AC005947A4 /* AudioControlButtonsView.swift */,
			);
			path = SoundPlayer;
			sourceTree = "<group>";
		};
		66E43F9F26C6120000AE012E = {
			isa = PBXGroup;
			children = (
				66E43FAA26C6120000AE012E /* natureFM */,
				6685C6152ADD7B36005947A4 /* natureFMTests */,
				6685C6262ADD8EBF005947A4 /* natureFMUITests */,
				66E43FA926C6120000AE012E /* Products */,
				663E05B927139BFC006E0259 /* projectFonts */,
				FCA19C66ECB9587E4A83521D /* Pods */,
				12150CDF8D1281CB76B7A1AC /* Frameworks */,
			);
			sourceTree = "<group>";
		};
		66E43FA926C6120000AE012E /* Products */ = {
			isa = PBXGroup;
			children = (
				66E43FA826C6120000AE012E /* natureFM.app */,
				6685C6142ADD7B36005947A4 /* natureFMTests.xctest */,
				6685C6252ADD8EBF005947A4 /* natureFMUITests.xctest */,
			);
			name = Products;
			sourceTree = "<group>";
		};
		66E43FAA26C6120000AE012E /* natureFM */ = {
			isa = PBXGroup;
			children = (
				66E43FAB26C6120000AE012E /* natureFMApp.swift */,
				66E43FBB26C6125A00AE012E /* HomeView.swift */,
				668843CA2B6C2697000BCAE5 /* ButtonStyles */,
				6685C6372ADF1703005947A4 /* Admob */,
				667CD62127B27090007965D7 /* Extensions */,
				66098BFC27B1C731000041D9 /* Utilities */,
				66098BF927B1C58E000041D9 /* Services */,
				667F6E18271B377F007726D1 /* Models */,
				6691DE05279BAE7900B099D2 /* ViewModels */,
				668276162B41FA6B00B5B548 /* StoreManager */,
				6685C6362ADF0C01005947A4 /* Views */,
				6693C4B02728F39D00D4FD17 /* components */,
				66E8600C270E60E6009F1AEF /* Stash.xcdatamodeld */,
				66E43FB426C6120100AE012E /* Info.plist */,
				66E43FAF26C6120100AE012E /* Assets.xcassets */,
				66E43FB126C6120100AE012E /* Preview Content */,
			);
			path = natureFM;
			sourceTree = "<group>";
		};
		66E43FB126C6120100AE012E /* Preview Content */ = {
			isa = PBXGroup;
			children = (
				66E43FB226C6120100AE012E /* Preview Assets.xcassets */,
			);
			path = "Preview Content";
			sourceTree = "<group>";
		};
		66E85FE8270A88F8009F1AEF /* InAppPurchases */ = {
			isa = PBXGroup;
			children = (
				66C3CC172703CB2500438A55 /* InAppStorePurchasesView.swift */,
				66F241D92B641A6B00E26769 /* ProductRowView.swift */,
			);
			path = InAppPurchases;
			sourceTree = "<group>";
		};
		FCA19C66ECB9587E4A83521D /* Pods */ = {
			isa = PBXGroup;
			children = (
				7866A4F15E09940DE7E1541E /* Pods-natureFM.debug.xcconfig */,
				69100EA3012BDB2D287C73B9 /* Pods-natureFM.release.xcconfig */,
			);
			path = Pods;
			sourceTree = "<group>";
		};
/* End PBXGroup section */

/* Begin PBXNativeTarget section */
		6685C6132ADD7B36005947A4 /* natureFMTests */ = {
			isa = PBXNativeTarget;
			buildConfigurationList = 6685C61A2ADD7B36005947A4 /* Build configuration list for PBXNativeTarget "natureFMTests" */;
			buildPhases = (
				6685C6102ADD7B36005947A4 /* Sources */,
				6685C6112ADD7B36005947A4 /* Frameworks */,
				6685C6122ADD7B36005947A4 /* Resources */,
			);
			buildRules = (
			);
			dependencies = (
				6685C6192ADD7B36005947A4 /* PBXTargetDependency */,
			);
			name = natureFMTests;
			productName = natureFMTests;
			productReference = 6685C6142ADD7B36005947A4 /* natureFMTests.xctest */;
			productType = "com.apple.product-type.bundle.unit-test";
		};
		6685C6242ADD8EBF005947A4 /* natureFMUITests */ = {
			isa = PBXNativeTarget;
			buildConfigurationList = 6685C62D2ADD8EBF005947A4 /* Build configuration list for PBXNativeTarget "natureFMUITests" */;
			buildPhases = (
				6685C6212ADD8EBF005947A4 /* Sources */,
				6685C6222ADD8EBF005947A4 /* Frameworks */,
				6685C6232ADD8EBF005947A4 /* Resources */,
			);
			buildRules = (
			);
			dependencies = (
				6685C62C2ADD8EBF005947A4 /* PBXTargetDependency */,
			);
			name = natureFMUITests;
			productName = natureFMUITests;
			productReference = 6685C6252ADD8EBF005947A4 /* natureFMUITests.xctest */;
			productType = "com.apple.product-type.bundle.ui-testing";
		};
		66E43FA726C6120000AE012E /* natureFM */ = {
			isa = PBXNativeTarget;
			buildConfigurationList = 66E43FB726C6120100AE012E /* Build configuration list for PBXNativeTarget "natureFM" */;
			buildPhases = (
				9824CF758998010B23FE230C /* [CP] Check Pods Manifest.lock */,
				66E43FA426C6120000AE012E /* Sources */,
				66E43FA526C6120000AE012E /* Frameworks */,
				66E43FA626C6120000AE012E /* Resources */,
			);
			buildRules = (
			);
			dependencies = (
			);
			name = natureFM;
			packageProductDependencies = (
				66C3CC0926FCD7FE00438A55 /* URLImageStore */,
				66C3CC0B26FCD7FE00438A55 /* URLImage */,
			);
			productName = natureFM;
			productReference = 66E43FA826C6120000AE012E /* natureFM.app */;
			productType = "com.apple.product-type.application";
		};
/* End PBXNativeTarget section */

/* Begin PBXProject section */
		66E43FA026C6120000AE012E /* Project object */ = {
			isa = PBXProject;
			attributes = {
				LastSwiftUpdateCheck = 1410;
				LastUpgradeCheck = 1240;
				TargetAttributes = {
					6685C6132ADD7B36005947A4 = {
						CreatedOnToolsVersion = 14.1;
						TestTargetID = 66E43FA726C6120000AE012E;
					};
					6685C6242ADD8EBF005947A4 = {
						CreatedOnToolsVersion = 14.1;
						TestTargetID = 66E43FA726C6120000AE012E;
					};
					66E43FA726C6120000AE012E = {
						CreatedOnToolsVersion = 12.4;
					};
				};
			};
			buildConfigurationList = 66E43FA326C6120000AE012E /* Build configuration list for PBXProject "natureFM" */;
			compatibilityVersion = "Xcode 10.0";
			developmentRegion = en;
			hasScannedForEncodings = 0;
			knownRegions = (
				en,
				Base,
			);
			mainGroup = 66E43F9F26C6120000AE012E;
			packageReferences = (
				66C3CC0826FCD7FE00438A55 /* XCRemoteSwiftPackageReference "url-image" */,
			);
			productRefGroup = 66E43FA926C6120000AE012E /* Products */;
			projectDirPath = "";
			projectRoot = "";
			targets = (
				66E43FA726C6120000AE012E /* natureFM */,
				6685C6132ADD7B36005947A4 /* natureFMTests */,
				6685C6242ADD8EBF005947A4 /* natureFMUITests */,
			);
		};
/* End PBXProject section */

/* Begin PBXResourcesBuildPhase section */
		6685C6122ADD7B36005947A4 /* Resources */ = {
			isa = PBXResourcesBuildPhase;
			buildActionMask = 2147483647;
			files = (
			);
			runOnlyForDeploymentPostprocessing = 0;
		};
		6685C6232ADD8EBF005947A4 /* Resources */ = {
			isa = PBXResourcesBuildPhase;
			buildActionMask = 2147483647;
			files = (
			);
			runOnlyForDeploymentPostprocessing = 0;
		};
		66E43FA626C6120000AE012E /* Resources */ = {
			isa = PBXResourcesBuildPhase;
			buildActionMask = 2147483647;
			files = (
				667F6E132718E810007726D1 /* Launch Screen.storyboard in Resources */,
				66E43FB326C6120100AE012E /* Preview Assets.xcassets in Resources */,
				66E43FB026C6120100AE012E /* Assets.xcassets in Resources */,
			);
			runOnlyForDeploymentPostprocessing = 0;
		};
/* End PBXResourcesBuildPhase section */

/* Begin PBXShellScriptBuildPhase section */
		9824CF758998010B23FE230C /* [CP] Check Pods Manifest.lock */ = {
			isa = PBXShellScriptBuildPhase;
			buildActionMask = 2147483647;
			files = (
			);
			inputFileListPaths = (
			);
			inputPaths = (
				"${PODS_PODFILE_DIR_PATH}/Podfile.lock",
				"${PODS_ROOT}/Manifest.lock",
			);
			name = "[CP] Check Pods Manifest.lock";
			outputFileListPaths = (
			);
			outputPaths = (
				"$(DERIVED_FILE_DIR)/Pods-natureFM-checkManifestLockResult.txt",
			);
			runOnlyForDeploymentPostprocessing = 0;
			shellPath = /bin/sh;
			shellScript = "diff \"${PODS_PODFILE_DIR_PATH}/Podfile.lock\" \"${PODS_ROOT}/Manifest.lock\" > /dev/null\nif [ $? != 0 ] ; then\n    # print error to STDERR\n    echo \"error: The sandbox is not in sync with the Podfile.lock. Run 'pod install' or update your CocoaPods installation.\" >&2\n    exit 1\nfi\n# This output is used by Xcode 'outputs' to avoid re-running this script phase.\necho \"SUCCESS\" > \"${SCRIPT_OUTPUT_FILE_0}\"\n";
			showEnvVarsInLog = 0;
		};
/* End PBXShellScriptBuildPhase section */

/* Begin PBXSourcesBuildPhase section */
		6685C6102ADD7B36005947A4 /* Sources */ = {
			isa = PBXSourcesBuildPhase;
			buildActionMask = 2147483647;
			files = (
				6685C6172ADD7B36005947A4 /* natureFMTests.swift in Sources */,
			);
			runOnlyForDeploymentPostprocessing = 0;
		};
		6685C6212ADD8EBF005947A4 /* Sources */ = {
			isa = PBXSourcesBuildPhase;
			buildActionMask = 2147483647;
			files = (
				6685C6322ADD992F005947A4 /* natureFMUITests.swift in Sources */,
				6685C62A2ADD8EBF005947A4 /* natureFMUITestsLaunchTests.swift in Sources */,
				6685C6302ADD8EC4005947A4 /* SnapshotHelper.swift in Sources */,
			);
			runOnlyForDeploymentPostprocessing = 0;
		};
		66E43FA426C6120000AE012E /* Sources */ = {
			isa = PBXSourcesBuildPhase;
			buildActionMask = 2147483647;
			files = (
				66CE700627B4A96A0031E7FE /* SongDownloadDataService.swift in Sources */,
				6685C5D22ABCBC1C005947A4 /* TabItemView.swift in Sources */,
				662D25BE27B6ED26003727C8 /* TimeInterval.swift in Sources */,
				66CE6FF727B36A440031E7FE /* CatalogSoundsView.swift in Sources */,
				668843D02B6C2E23000BCAE5 /* SoundDetailStackView.swift in Sources */,
				666BE7AD2BAA475E002ABF97 /* APIurls.swift in Sources */,
				66E43FBF26C6146000AE012E /* SoundsModel.swift in Sources */,
				664E8D9227B2436B00699C0B /* SoundImageService.swift in Sources */,
				668843D52B6D6AFE000BCAE5 /* LoadingFullScreenView.swift in Sources */,
				66C3CC162703C3DF00438A55 /* CategoryModel.swift in Sources */,
				66589EBA27BDA2BE0026F7A3 /* LaunchScreenView.swift in Sources */,
				66098C0027B1C8E4000041D9 /* CatalogViewModel.swift in Sources */,
				668843D72B6D708D000BCAE5 /* ErrorView.swift in Sources */,
				664E8D9927B245BC00699C0B /* SoundImageViewModel.swift in Sources */,
				66CE6FF927B3C6380031E7FE /* Int.swift in Sources */,
				66F241D82B60336300E26769 /* LibraryItemView.swift in Sources */,
				6685C6092AD8A3AC005947A4 /* AudioControlButtonsView.swift in Sources */,
				66F241DA2B641A6B00E26769 /* ProductRowView.swift in Sources */,
				66E43FBC26C6125A00AE012E /* HomeView.swift in Sources */,
				66CE6FFD27B46F760031E7FE /* SoundPlayerView.swift in Sources */,
				6685C63D2ADF1A48005947A4 /* AdvertisingViewmodel.swift in Sources */,
				664F0BE72B5AF9EF002D1E2A /* UserListenerStatusView.swift in Sources */,
				668843DB2B6D749B000BCAE5 /* View.swift in Sources */,
				66098BFB27B1C622000041D9 /* NatureSoundDataService.swift in Sources */,
				6685C63B2ADF19BF005947A4 /* Interstitial.swift in Sources */,
				664E8D9427B243C900699C0B /* LocalFileManager.swift in Sources */,
				667CD62027B2708B007965D7 /* Color.swift in Sources */,
				66C3CC1A2703EE8600438A55 /* StoreManager.swift in Sources */,
				668843CC2B6C26A3000BCAE5 /* BorderButton.swift in Sources */,
				66F94AE427B31FDC00B50D28 /* CategoryDataService.swift in Sources */,
				664E8D9027B22E9100699C0B /* CoreDataService.swift in Sources */,
				6685C6032AD24C7E005947A4 /* LibraryView.swift in Sources */,
				6685C5FC2AC9D326005947A4 /* PlayingNowBar.swift in Sources */,
				66E8600E270E60E6009F1AEF /* Stash.xcdatamodeld in Sources */,
				6661D71527BCE5C900481E3A /* ProfileView.swift in Sources */,
				66C3CC182703CB2500438A55 /* InAppStorePurchasesView.swift in Sources */,
				664F0BD82B59B19A002D1E2A /* CategoryRowView.swift in Sources */,
				668276182B41FBE000B5B548 /* LibraryViewModel.swift in Sources */,
				666BE7AB2BAA474E002ABF97 /* APIMethod.swift in Sources */,
				668276132B40A6BB00B5B548 /* NetworkMonitor.swift in Sources */,
				6661D71327BB067800481E3A /* FeaturedImageLayoutView.swift in Sources */,
				666BE7A62BAA14AA002ABF97 /* APINetworkService.swift in Sources */,
				668276112B3E155100B5B548 /* CatalogSubtitle.swift in Sources */,
				668843D92B6D743E000BCAE5 /* SkeletonCatalogView.swift in Sources */,
				66098BFE27B1C73F000041D9 /* NetworkingManager.swift in Sources */,
				666BE7A92BAA473D002ABF97 /* APIError.swift in Sources */,
				664E8D9627B2455D00699C0B /* SoundImageView.swift in Sources */,
				6685C6002AD06732005947A4 /* ClockDisplayView.swift in Sources */,
				6682760D2B3C9C6D00B5B548 /* CatalogView.swift in Sources */,
				66E43FAC26C6120000AE012E /* natureFMApp.swift in Sources */,
				6685C5FE2ACDA9FF005947A4 /* Preview.swift in Sources */,
				6685C6072AD8A337005947A4 /* ProgressBarView.swift in Sources */,
				6685C6392ADF1714005947A4 /* Banner.swift in Sources */,
				6693C4AF2728F06900D4FD17 /* CategoryPickerView.swift in Sources */,
				668843CE2B6C2D14000BCAE5 /* CatalogSoundView.swift in Sources */,
				66F241D62B6030BD00E26769 /* NoInternetView.swift in Sources */,
				6682760F2B3C9F8500B5B548 /* CatalogTitle.swift in Sources */,
			);
			runOnlyForDeploymentPostprocessing = 0;
		};
/* End PBXSourcesBuildPhase section */

/* Begin PBXTargetDependency section */
		6685C6192ADD7B36005947A4 /* PBXTargetDependency */ = {
			isa = PBXTargetDependency;
			target = 66E43FA726C6120000AE012E /* natureFM */;
			targetProxy = 6685C6182ADD7B36005947A4 /* PBXContainerItemProxy */;
		};
		6685C62C2ADD8EBF005947A4 /* PBXTargetDependency */ = {
			isa = PBXTargetDependency;
			target = 66E43FA726C6120000AE012E /* natureFM */;
			targetProxy = 6685C62B2ADD8EBF005947A4 /* PBXContainerItemProxy */;
		};
/* End PBXTargetDependency section */

/* Begin XCBuildConfiguration section */
		6685C61B2ADD7B36005947A4 /* Debug */ = {
			isa = XCBuildConfiguration;
			buildSettings = {
				BUNDLE_LOADER = "$(TEST_HOST)";
				CLANG_CXX_LANGUAGE_STANDARD = "gnu++20";
				CODE_SIGN_STYLE = Automatic;
				CURRENT_PROJECT_VERSION = 1;
				DEVELOPMENT_TEAM = 6SFM579B5E;
				GENERATE_INFOPLIST_FILE = YES;
				IPHONEOS_DEPLOYMENT_TARGET = 16.0;
				MARKETING_VERSION = 1.0;
				PRODUCT_BUNDLE_IDENTIFIER = design.rdConcepts.natureFMTests;
				PRODUCT_NAME = "$(TARGET_NAME)";
				SWIFT_EMIT_LOC_STRINGS = NO;
				SWIFT_VERSION = 5.0;
				TARGETED_DEVICE_FAMILY = "1,2";
				TEST_HOST = "$(BUILT_PRODUCTS_DIR)/natureFM.app/$(BUNDLE_EXECUTABLE_FOLDER_PATH)/natureFM";
			};
			name = Debug;
		};
		6685C61C2ADD7B36005947A4 /* Release */ = {
			isa = XCBuildConfiguration;
			buildSettings = {
				BUNDLE_LOADER = "$(TEST_HOST)";
				CLANG_CXX_LANGUAGE_STANDARD = "gnu++20";
				CODE_SIGN_STYLE = Automatic;
				CURRENT_PROJECT_VERSION = 1;
				DEVELOPMENT_TEAM = 6SFM579B5E;
				GENERATE_INFOPLIST_FILE = YES;
				IPHONEOS_DEPLOYMENT_TARGET = 16.0;
				MARKETING_VERSION = 1.0;
				PRODUCT_BUNDLE_IDENTIFIER = design.rdConcepts.natureFMTests;
				PRODUCT_NAME = "$(TARGET_NAME)";
				SWIFT_EMIT_LOC_STRINGS = NO;
				SWIFT_VERSION = 5.0;
				TARGETED_DEVICE_FAMILY = "1,2";
				TEST_HOST = "$(BUILT_PRODUCTS_DIR)/natureFM.app/$(BUNDLE_EXECUTABLE_FOLDER_PATH)/natureFM";
			};
			name = Release;
		};
		6685C62E2ADD8EBF005947A4 /* Debug */ = {
			isa = XCBuildConfiguration;
			buildSettings = {
				CLANG_CXX_LANGUAGE_STANDARD = "gnu++20";
				CODE_SIGN_STYLE = Automatic;
				CURRENT_PROJECT_VERSION = 1;
				DEVELOPMENT_TEAM = 6SFM579B5E;
				GENERATE_INFOPLIST_FILE = YES;
				IPHONEOS_DEPLOYMENT_TARGET = 16.0;
				MARKETING_VERSION = 1.0;
				PRODUCT_BUNDLE_IDENTIFIER = design.rdConcepts.natureFMUITests;
				PRODUCT_NAME = "$(TARGET_NAME)";
				SWIFT_EMIT_LOC_STRINGS = NO;
				SWIFT_VERSION = 5.0;
				TARGETED_DEVICE_FAMILY = "1,2";
				TEST_TARGET_NAME = natureFM;
			};
			name = Debug;
		};
		6685C62F2ADD8EBF005947A4 /* Release */ = {
			isa = XCBuildConfiguration;
			buildSettings = {
				CLANG_CXX_LANGUAGE_STANDARD = "gnu++20";
				CODE_SIGN_STYLE = Automatic;
				CURRENT_PROJECT_VERSION = 1;
				DEVELOPMENT_TEAM = 6SFM579B5E;
				GENERATE_INFOPLIST_FILE = YES;
				IPHONEOS_DEPLOYMENT_TARGET = 16.0;
				MARKETING_VERSION = 1.0;
				PRODUCT_BUNDLE_IDENTIFIER = design.rdConcepts.natureFMUITests;
				PRODUCT_NAME = "$(TARGET_NAME)";
				SWIFT_EMIT_LOC_STRINGS = NO;
				SWIFT_VERSION = 5.0;
				TARGETED_DEVICE_FAMILY = "1,2";
				TEST_TARGET_NAME = natureFM;
			};
			name = Release;
		};
		66E43FB526C6120100AE012E /* Debug */ = {
			isa = XCBuildConfiguration;
			buildSettings = {
				ALWAYS_SEARCH_USER_PATHS = NO;
				CLANG_ANALYZER_NONNULL = YES;
				CLANG_ANALYZER_NUMBER_OBJECT_CONVERSION = YES_AGGRESSIVE;
				CLANG_CXX_LANGUAGE_STANDARD = "gnu++14";
				CLANG_CXX_LIBRARY = "libc++";
				CLANG_ENABLE_MODULES = YES;
				CLANG_ENABLE_OBJC_ARC = YES;
				CLANG_ENABLE_OBJC_WEAK = YES;
				CLANG_WARN_BLOCK_CAPTURE_AUTORELEASING = YES;
				CLANG_WARN_BOOL_CONVERSION = YES;
				CLANG_WARN_COMMA = YES;
				CLANG_WARN_CONSTANT_CONVERSION = YES;
				CLANG_WARN_DEPRECATED_OBJC_IMPLEMENTATIONS = YES;
				CLANG_WARN_DIRECT_OBJC_ISA_USAGE = YES_ERROR;
				CLANG_WARN_DOCUMENTATION_COMMENTS = YES;
				CLANG_WARN_EMPTY_BODY = YES;
				CLANG_WARN_ENUM_CONVERSION = YES;
				CLANG_WARN_INFINITE_RECURSION = YES;
				CLANG_WARN_INT_CONVERSION = YES;
				CLANG_WARN_NON_LITERAL_NULL_CONVERSION = YES;
				CLANG_WARN_OBJC_IMPLICIT_RETAIN_SELF = YES;
				CLANG_WARN_OBJC_LITERAL_CONVERSION = YES;
				CLANG_WARN_OBJC_ROOT_CLASS = YES_ERROR;
				CLANG_WARN_QUOTED_INCLUDE_IN_FRAMEWORK_HEADER = YES;
				CLANG_WARN_RANGE_LOOP_ANALYSIS = YES;
				CLANG_WARN_STRICT_PROTOTYPES = YES;
				CLANG_WARN_SUSPICIOUS_MOVE = YES;
				CLANG_WARN_UNGUARDED_AVAILABILITY = YES_AGGRESSIVE;
				CLANG_WARN_UNREACHABLE_CODE = YES;
				CLANG_WARN__DUPLICATE_METHOD_MATCH = YES;
				COPY_PHASE_STRIP = NO;
				DEBUG_INFORMATION_FORMAT = dwarf;
				ENABLE_STRICT_OBJC_MSGSEND = YES;
				ENABLE_TESTABILITY = YES;
				GCC_C_LANGUAGE_STANDARD = gnu11;
				GCC_DYNAMIC_NO_PIC = NO;
				GCC_NO_COMMON_BLOCKS = YES;
				GCC_OPTIMIZATION_LEVEL = 0;
				GCC_PREPROCESSOR_DEFINITIONS = (
					"DEBUG=1",
					"$(inherited)",
				);
				GCC_WARN_64_TO_32_BIT_CONVERSION = YES;
				GCC_WARN_ABOUT_RETURN_TYPE = YES_ERROR;
				GCC_WARN_UNDECLARED_SELECTOR = YES;
				GCC_WARN_UNINITIALIZED_AUTOS = YES_AGGRESSIVE;
				GCC_WARN_UNUSED_FUNCTION = YES;
				GCC_WARN_UNUSED_VARIABLE = YES;
				IPHONEOS_DEPLOYMENT_TARGET = 16.0;
				MTL_ENABLE_DEBUG_INFO = INCLUDE_SOURCE;
				MTL_FAST_MATH = YES;
				ONLY_ACTIVE_ARCH = YES;
				SDKROOT = iphoneos;
				SWIFT_ACTIVE_COMPILATION_CONDITIONS = DEBUG;
				SWIFT_OPTIMIZATION_LEVEL = "-Onone";
			};
			name = Debug;
		};
		66E43FB626C6120100AE012E /* Release */ = {
			isa = XCBuildConfiguration;
			buildSettings = {
				ALWAYS_SEARCH_USER_PATHS = NO;
				CLANG_ANALYZER_NONNULL = YES;
				CLANG_ANALYZER_NUMBER_OBJECT_CONVERSION = YES_AGGRESSIVE;
				CLANG_CXX_LANGUAGE_STANDARD = "gnu++14";
				CLANG_CXX_LIBRARY = "libc++";
				CLANG_ENABLE_MODULES = YES;
				CLANG_ENABLE_OBJC_ARC = YES;
				CLANG_ENABLE_OBJC_WEAK = YES;
				CLANG_WARN_BLOCK_CAPTURE_AUTORELEASING = YES;
				CLANG_WARN_BOOL_CONVERSION = YES;
				CLANG_WARN_COMMA = YES;
				CLANG_WARN_CONSTANT_CONVERSION = YES;
				CLANG_WARN_DEPRECATED_OBJC_IMPLEMENTATIONS = YES;
				CLANG_WARN_DIRECT_OBJC_ISA_USAGE = YES_ERROR;
				CLANG_WARN_DOCUMENTATION_COMMENTS = YES;
				CLANG_WARN_EMPTY_BODY = YES;
				CLANG_WARN_ENUM_CONVERSION = YES;
				CLANG_WARN_INFINITE_RECURSION = YES;
				CLANG_WARN_INT_CONVERSION = YES;
				CLANG_WARN_NON_LITERAL_NULL_CONVERSION = YES;
				CLANG_WARN_OBJC_IMPLICIT_RETAIN_SELF = YES;
				CLANG_WARN_OBJC_LITERAL_CONVERSION = YES;
				CLANG_WARN_OBJC_ROOT_CLASS = YES_ERROR;
				CLANG_WARN_QUOTED_INCLUDE_IN_FRAMEWORK_HEADER = YES;
				CLANG_WARN_RANGE_LOOP_ANALYSIS = YES;
				CLANG_WARN_STRICT_PROTOTYPES = YES;
				CLANG_WARN_SUSPICIOUS_MOVE = YES;
				CLANG_WARN_UNGUARDED_AVAILABILITY = YES_AGGRESSIVE;
				CLANG_WARN_UNREACHABLE_CODE = YES;
				CLANG_WARN__DUPLICATE_METHOD_MATCH = YES;
				COPY_PHASE_STRIP = NO;
				DEBUG_INFORMATION_FORMAT = "dwarf-with-dsym";
				ENABLE_NS_ASSERTIONS = NO;
				ENABLE_STRICT_OBJC_MSGSEND = YES;
				GCC_C_LANGUAGE_STANDARD = gnu11;
				GCC_NO_COMMON_BLOCKS = YES;
				GCC_WARN_64_TO_32_BIT_CONVERSION = YES;
				GCC_WARN_ABOUT_RETURN_TYPE = YES_ERROR;
				GCC_WARN_UNDECLARED_SELECTOR = YES;
				GCC_WARN_UNINITIALIZED_AUTOS = YES_AGGRESSIVE;
				GCC_WARN_UNUSED_FUNCTION = YES;
				GCC_WARN_UNUSED_VARIABLE = YES;
				IPHONEOS_DEPLOYMENT_TARGET = 16.0;
				MTL_ENABLE_DEBUG_INFO = NO;
				MTL_FAST_MATH = YES;
				SDKROOT = iphoneos;
				SWIFT_COMPILATION_MODE = wholemodule;
				SWIFT_OPTIMIZATION_LEVEL = "-O";
				VALIDATE_PRODUCT = YES;
			};
			name = Release;
		};
		66E43FB826C6120100AE012E /* Debug */ = {
			isa = XCBuildConfiguration;
			baseConfigurationReference = 7866A4F15E09940DE7E1541E /* Pods-natureFM.debug.xcconfig */;
			buildSettings = {
				ASSETCATALOG_COMPILER_APPICON_NAME = AppIcon;
				ASSETCATALOG_COMPILER_GLOBAL_ACCENT_COLOR_NAME = AccentColor;
				CODE_SIGN_STYLE = Automatic;
				DEVELOPMENT_ASSET_PATHS = "\"natureFM/Preview Content\"";
				DEVELOPMENT_TEAM = 6SFM579B5E;
				ENABLE_PREVIEWS = YES;
				INFOPLIST_FILE = natureFM/Info.plist;
				INFOPLIST_KEY_CFBundleDisplayName = "Nature FM";
				IPHONEOS_DEPLOYMENT_TARGET = 16.0;
				LD_RUNPATH_SEARCH_PATHS = (
					"$(inherited)",
					"@executable_path/Frameworks",
				);
				MARKETING_VERSION = 3.2.1;
				PRODUCT_BUNDLE_IDENTIFIER = design.rdconcepts.natureFM;
				PRODUCT_NAME = "$(TARGET_NAME)";
				SUPPORTED_PLATFORMS = "iphoneos iphonesimulator macosx";
				SUPPORTS_MACCATALYST = NO;
				SUPPORTS_MAC_DESIGNED_FOR_IPHONE_IPAD = NO;
				SWIFT_VERSION = 5.0;
				TARGETED_DEVICE_FAMILY = "1,2";
			};
			name = Debug;
		};
		66E43FB926C6120100AE012E /* Release */ = {
			isa = XCBuildConfiguration;
			baseConfigurationReference = 69100EA3012BDB2D287C73B9 /* Pods-natureFM.release.xcconfig */;
			buildSettings = {
				ASSETCATALOG_COMPILER_APPICON_NAME = AppIcon;
				ASSETCATALOG_COMPILER_GLOBAL_ACCENT_COLOR_NAME = AccentColor;
				CODE_SIGN_STYLE = Automatic;
				DEVELOPMENT_ASSET_PATHS = "\"natureFM/Preview Content\"";
				DEVELOPMENT_TEAM = 6SFM579B5E;
				ENABLE_PREVIEWS = YES;
				INFOPLIST_FILE = natureFM/Info.plist;
				INFOPLIST_KEY_CFBundleDisplayName = "Nature FM";
				IPHONEOS_DEPLOYMENT_TARGET = 16.0;
				LD_RUNPATH_SEARCH_PATHS = (
					"$(inherited)",
					"@executable_path/Frameworks",
				);
				MARKETING_VERSION = 3.2.1;
				PRODUCT_BUNDLE_IDENTIFIER = design.rdconcepts.natureFM;
				PRODUCT_NAME = "$(TARGET_NAME)";
				SUPPORTED_PLATFORMS = "iphoneos iphonesimulator macosx";
				SUPPORTS_MACCATALYST = NO;
				SUPPORTS_MAC_DESIGNED_FOR_IPHONE_IPAD = NO;
				SWIFT_VERSION = 5.0;
				TARGETED_DEVICE_FAMILY = "1,2";
			};
			name = Release;
		};
/* End XCBuildConfiguration section */

/* Begin XCConfigurationList section */
		6685C61A2ADD7B36005947A4 /* Build configuration list for PBXNativeTarget "natureFMTests" */ = {
			isa = XCConfigurationList;
			buildConfigurations = (
				6685C61B2ADD7B36005947A4 /* Debug */,
				6685C61C2ADD7B36005947A4 /* Release */,
			);
			defaultConfigurationIsVisible = 0;
			defaultConfigurationName = Release;
		};
		6685C62D2ADD8EBF005947A4 /* Build configuration list for PBXNativeTarget "natureFMUITests" */ = {
			isa = XCConfigurationList;
			buildConfigurations = (
				6685C62E2ADD8EBF005947A4 /* Debug */,
				6685C62F2ADD8EBF005947A4 /* Release */,
			);
			defaultConfigurationIsVisible = 0;
			defaultConfigurationName = Release;
		};
		66E43FA326C6120000AE012E /* Build configuration list for PBXProject "natureFM" */ = {
			isa = XCConfigurationList;
			buildConfigurations = (
				66E43FB526C6120100AE012E /* Debug */,
				66E43FB626C6120100AE012E /* Release */,
			);
			defaultConfigurationIsVisible = 0;
			defaultConfigurationName = Release;
		};
		66E43FB726C6120100AE012E /* Build configuration list for PBXNativeTarget "natureFM" */ = {
			isa = XCConfigurationList;
			buildConfigurations = (
				66E43FB826C6120100AE012E /* Debug */,
				66E43FB926C6120100AE012E /* Release */,
			);
			defaultConfigurationIsVisible = 0;
			defaultConfigurationName = Release;
		};
/* End XCConfigurationList section */

/* Begin XCRemoteSwiftPackageReference section */
		66C3CC0826FCD7FE00438A55 /* XCRemoteSwiftPackageReference "url-image" */ = {
			isa = XCRemoteSwiftPackageReference;
			repositoryURL = "https://github.com/dmytro-anokhin/url-image";
			requirement = {
				kind = upToNextMajorVersion;
				minimumVersion = 3.1.0;
			};
		};
/* End XCRemoteSwiftPackageReference section */

/* Begin XCSwiftPackageProductDependency section */
		66C3CC0926FCD7FE00438A55 /* URLImageStore */ = {
			isa = XCSwiftPackageProductDependency;
			package = 66C3CC0826FCD7FE00438A55 /* XCRemoteSwiftPackageReference "url-image" */;
			productName = URLImageStore;
		};
		66C3CC0B26FCD7FE00438A55 /* URLImage */ = {
			isa = XCSwiftPackageProductDependency;
			package = 66C3CC0826FCD7FE00438A55 /* XCRemoteSwiftPackageReference "url-image" */;
			productName = URLImage;
		};
/* End XCSwiftPackageProductDependency section */

/* Begin XCVersionGroup section */
		66E8600C270E60E6009F1AEF /* Stash.xcdatamodeld */ = {
			isa = XCVersionGroup;
			children = (
				66E8600D270E60E6009F1AEF /* Stash.xcdatamodel */,
			);
			currentVersion = 66E8600D270E60E6009F1AEF /* Stash.xcdatamodel */;
			path = Stash.xcdatamodeld;
			sourceTree = "<group>";
			versionGroupType = wrapper.xcdatamodel;
		};
/* End XCVersionGroup section */
	};
	rootObject = 66E43FA026C6120000AE012E /* Project object */;
}
